// !$*UTF8*$!
{
	archiveVersion = 1;
	classes = {
	};
	objectVersion = 56;
	objects = {

/* Begin PBXBuildFile section */
		99016ECB2BA22D3900B7D289 /* CountableApp.swift in Sources */ = {isa = PBXBuildFile; fileRef = 99016ECA2BA22D3900B7D289 /* CountableApp.swift */; };
		99016ECE2BA36DE800B7D289 /* AddPointsIntent.swift in Sources */ = {isa = PBXBuildFile; fileRef = 9979B4842BA111B600FC2D9B /* AddPointsIntent.swift */; };
		99016ECF2BA36DE900B7D289 /* AddPointsIntent.swift in Sources */ = {isa = PBXBuildFile; fileRef = 9979B4842BA111B600FC2D9B /* AddPointsIntent.swift */; };
		99016ED42BA371A100B7D289 /* AppIntent.swift in Sources */ = {isa = PBXBuildFile; fileRef = 9979B4642BA10B1100FC2D9B /* AppIntent.swift */; };
		99297B362BA655E7004BAE5E /* AppFeature in Frameworks */ = {isa = PBXBuildFile; productRef = 99297B352BA655E7004BAE5E /* AppFeature */; };
		9933B6B22B9E128500CFA3CC /* Assets.xcassets in Resources */ = {isa = PBXBuildFile; fileRef = 9933B6B12B9E128500CFA3CC /* Assets.xcassets */; };
		9933B6BF2B9E128500CFA3CC /* CountableTests.swift in Sources */ = {isa = PBXBuildFile; fileRef = 9933B6BE2B9E128500CFA3CC /* CountableTests.swift */; };
		996090282BA9022C0003E027 /* PrivacyInfo.xcprivacy in Resources */ = {isa = PBXBuildFile; fileRef = 996090272BA9022C0003E027 /* PrivacyInfo.xcprivacy */; };
		9979B45C2BA10B1100FC2D9B /* WidgetKit.framework in Frameworks */ = {isa = PBXBuildFile; fileRef = 9979B45B2BA10B1000FC2D9B /* WidgetKit.framework */; };
		9979B45E2BA10B1100FC2D9B /* SwiftUI.framework in Frameworks */ = {isa = PBXBuildFile; fileRef = 9979B45D2BA10B1100FC2D9B /* SwiftUI.framework */; };
		9979B4612BA10B1100FC2D9B /* CountableWidgetBundle.swift in Sources */ = {isa = PBXBuildFile; fileRef = 9979B4602BA10B1100FC2D9B /* CountableWidgetBundle.swift */; };
		9979B4632BA10B1100FC2D9B /* SinglePlayerWidget.swift in Sources */ = {isa = PBXBuildFile; fileRef = 9979B4622BA10B1100FC2D9B /* SinglePlayerWidget.swift */; };
		9979B4652BA10B1100FC2D9B /* AppIntent.swift in Sources */ = {isa = PBXBuildFile; fileRef = 9979B4642BA10B1100FC2D9B /* AppIntent.swift */; };
		9979B4672BA10B1200FC2D9B /* Assets.xcassets in Resources */ = {isa = PBXBuildFile; fileRef = 9979B4662BA10B1200FC2D9B /* Assets.xcassets */; };
		99984CCF2BA61BD9004EACCA /* CountableVisionOSApp.swift in Sources */ = {isa = PBXBuildFile; fileRef = 99984CCE2BA61BD9004EACCA /* CountableVisionOSApp.swift */; };
		99984CD12BA61BD9004EACCA /* ContentView.swift in Sources */ = {isa = PBXBuildFile; fileRef = 99984CD02BA61BD9004EACCA /* ContentView.swift */; };
		99984CD32BA61BDA004EACCA /* Assets.xcassets in Resources */ = {isa = PBXBuildFile; fileRef = 99984CD22BA61BDA004EACCA /* Assets.xcassets */; };
		99984CD62BA61BDA004EACCA /* Preview Assets.xcassets in Resources */ = {isa = PBXBuildFile; fileRef = 99984CD52BA61BDA004EACCA /* Preview Assets.xcassets */; };
		99984CDC2BA61BE9004EACCA /* AppFeature in Frameworks */ = {isa = PBXBuildFile; productRef = 99984CDB2BA61BE9004EACCA /* AppFeature */; };
		99AF206E2BA4D7E600E3099D /* PrivacyInfo.xcprivacy in Resources */ = {isa = PBXBuildFile; fileRef = 99AF206D2BA4D7E600E3099D /* PrivacyInfo.xcprivacy */; };
		99CBDBEB2BA4E3930008954E /* CountableWidgetExtension.appex in Embed Foundation Extensions */ = {isa = PBXBuildFile; fileRef = 9979B45A2BA10B1000FC2D9B /* CountableWidgetExtension.appex */; settings = {ATTRIBUTES = (RemoveHeadersOnCopy, ); }; };
		99CBDBF42BA5092F0008954E /* SubtractPointsIntent.swift in Sources */ = {isa = PBXBuildFile; fileRef = 99CBDBF32BA5092F0008954E /* SubtractPointsIntent.swift */; };
		99CBDBF62BA5099F0008954E /* CountableAppShortcuts.swift in Sources */ = {isa = PBXBuildFile; fileRef = 99CBDBF52BA5099F0008954E /* CountableAppShortcuts.swift */; };
		99CBDBF82BA509D10008954E /* ShortcutsSnippetView.swift in Sources */ = {isa = PBXBuildFile; fileRef = 99CBDBF72BA509D10008954E /* ShortcutsSnippetView.swift */; };
		99CBDBFA2BA50A1B0008954E /* Player.swift in Sources */ = {isa = PBXBuildFile; fileRef = 99CBDBF92BA50A1B0008954E /* Player.swift */; };
		99CBDBFB2BA50C0E0008954E /* Player.swift in Sources */ = {isa = PBXBuildFile; fileRef = 99CBDBF92BA50A1B0008954E /* Player.swift */; };
		99CBDBFC2BA50C190008954E /* SubtractPointsIntent.swift in Sources */ = {isa = PBXBuildFile; fileRef = 99CBDBF32BA5092F0008954E /* SubtractPointsIntent.swift */; };
		99CBDBFD2BA50C260008954E /* ShortcutsSnippetView.swift in Sources */ = {isa = PBXBuildFile; fileRef = 99CBDBF72BA509D10008954E /* ShortcutsSnippetView.swift */; };
		99DFD07A2B9E6A1B0032AC0B /* Bitter-Regular.ttf in Resources */ = {isa = PBXBuildFile; fileRef = 99DFD0792B9E68EE0032AC0B /* Bitter-Regular.ttf */; };
/* End PBXBuildFile section */

/* Begin PBXContainerItemProxy section */
		9933B6BB2B9E128500CFA3CC /* PBXContainerItemProxy */ = {
			isa = PBXContainerItemProxy;
			containerPortal = 9933B6A22B9E128200CFA3CC /* Project object */;
			proxyType = 1;
			remoteGlobalIDString = 9933B6A92B9E128200CFA3CC;
			remoteInfo = "Game Counter";
		};
		99CBDBEC2BA4E3930008954E /* PBXContainerItemProxy */ = {
			isa = PBXContainerItemProxy;
			containerPortal = 9933B6A22B9E128200CFA3CC /* Project object */;
			proxyType = 1;
			remoteGlobalIDString = 9979B4592BA10B1000FC2D9B;
			remoteInfo = GameCounterWidgetExtension;
		};
/* End PBXContainerItemProxy section */

/* Begin PBXCopyFilesBuildPhase section */
		9979B4832BA1111400FC2D9B /* Embed ExtensionKit Extensions */ = {
			isa = PBXCopyFilesBuildPhase;
			buildActionMask = 2147483647;
			dstPath = "$(EXTENSIONS_FOLDER_PATH)";
			dstSubfolderSpec = 16;
			files = (
			);
			name = "Embed ExtensionKit Extensions";
			runOnlyForDeploymentPostprocessing = 0;
		};
		99CBDBEE2BA4E3940008954E /* Embed Foundation Extensions */ = {
			isa = PBXCopyFilesBuildPhase;
			buildActionMask = 2147483647;
			dstPath = "";
			dstSubfolderSpec = 13;
			files = (
				99CBDBEB2BA4E3930008954E /* CountableWidgetExtension.appex in Embed Foundation Extensions */,
			);
			name = "Embed Foundation Extensions";
			runOnlyForDeploymentPostprocessing = 0;
		};
/* End PBXCopyFilesBuildPhase section */

/* Begin PBXFileReference section */
		99016ECA2BA22D3900B7D289 /* CountableApp.swift */ = {isa = PBXFileReference; lastKnownFileType = sourcecode.swift; path = CountableApp.swift; sourceTree = "<group>"; };
		9933B6AA2B9E128200CFA3CC /* Countable.app */ = {isa = PBXFileReference; explicitFileType = wrapper.application; includeInIndex = 0; path = Countable.app; sourceTree = BUILT_PRODUCTS_DIR; };
		9933B6B12B9E128500CFA3CC /* Assets.xcassets */ = {isa = PBXFileReference; lastKnownFileType = folder.assetcatalog; path = Assets.xcassets; sourceTree = "<group>"; };
		9933B6BA2B9E128500CFA3CC /* CountableTests.xctest */ = {isa = PBXFileReference; explicitFileType = wrapper.cfbundle; includeInIndex = 0; path = CountableTests.xctest; sourceTree = BUILT_PRODUCTS_DIR; };
		9933B6BE2B9E128500CFA3CC /* CountableTests.swift */ = {isa = PBXFileReference; lastKnownFileType = sourcecode.swift; path = CountableTests.swift; sourceTree = "<group>"; };
		996090272BA9022C0003E027 /* PrivacyInfo.xcprivacy */ = {isa = PBXFileReference; fileEncoding = 4; lastKnownFileType = text.xml; name = PrivacyInfo.xcprivacy; path = CountableWidget/PrivacyInfo.xcprivacy; sourceTree = SOURCE_ROOT; };
		9973B1C12BA4DB0900B63BAC /* Modules */ = {isa = PBXFileReference; lastKnownFileType = wrapper; path = Modules; sourceTree = "<group>"; };
		9979B45A2BA10B1000FC2D9B /* CountableWidgetExtension.appex */ = {isa = PBXFileReference; explicitFileType = "wrapper.app-extension"; includeInIndex = 0; path = CountableWidgetExtension.appex; sourceTree = BUILT_PRODUCTS_DIR; };
		9979B45B2BA10B1000FC2D9B /* WidgetKit.framework */ = {isa = PBXFileReference; lastKnownFileType = wrapper.framework; name = WidgetKit.framework; path = System/Library/Frameworks/WidgetKit.framework; sourceTree = SDKROOT; };
		9979B45D2BA10B1100FC2D9B /* SwiftUI.framework */ = {isa = PBXFileReference; lastKnownFileType = wrapper.framework; name = SwiftUI.framework; path = System/Library/Frameworks/SwiftUI.framework; sourceTree = SDKROOT; };
		9979B4602BA10B1100FC2D9B /* CountableWidgetBundle.swift */ = {isa = PBXFileReference; lastKnownFileType = sourcecode.swift; path = CountableWidgetBundle.swift; sourceTree = "<group>"; };
		9979B4622BA10B1100FC2D9B /* SinglePlayerWidget.swift */ = {isa = PBXFileReference; lastKnownFileType = sourcecode.swift; path = SinglePlayerWidget.swift; sourceTree = "<group>"; };
		9979B4642BA10B1100FC2D9B /* AppIntent.swift */ = {isa = PBXFileReference; lastKnownFileType = sourcecode.swift; path = AppIntent.swift; sourceTree = "<group>"; };
		9979B4662BA10B1200FC2D9B /* Assets.xcassets */ = {isa = PBXFileReference; lastKnownFileType = folder.assetcatalog; path = Assets.xcassets; sourceTree = "<group>"; };
		9979B4682BA10B1200FC2D9B /* Info.plist */ = {isa = PBXFileReference; lastKnownFileType = text.plist.xml; path = Info.plist; sourceTree = "<group>"; };
		9979B4702BA10D0200FC2D9B /* CountableWidgetExtension.entitlements */ = {isa = PBXFileReference; lastKnownFileType = text.plist.entitlements; path = CountableWidgetExtension.entitlements; sourceTree = "<group>"; };
		9979B4712BA10D3900FC2D9B /* Countable.entitlements */ = {isa = PBXFileReference; lastKnownFileType = text.plist.entitlements; path = Countable.entitlements; sourceTree = "<group>"; };
		9979B4842BA111B600FC2D9B /* AddPointsIntent.swift */ = {isa = PBXFileReference; lastKnownFileType = sourcecode.swift; path = AddPointsIntent.swift; sourceTree = "<group>"; };
		99984CC82BA61BD8004EACCA /* CountableVisionOS.app */ = {isa = PBXFileReference; explicitFileType = wrapper.application; includeInIndex = 0; path = CountableVisionOS.app; sourceTree = BUILT_PRODUCTS_DIR; };
		99984CCB2BA61BD9004EACCA /* RealityKitContent */ = {isa = PBXFileReference; lastKnownFileType = wrapper; path = RealityKitContent; sourceTree = "<group>"; };
		99984CCE2BA61BD9004EACCA /* CountableVisionOSApp.swift */ = {isa = PBXFileReference; lastKnownFileType = sourcecode.swift; path = CountableVisionOSApp.swift; sourceTree = "<group>"; };
		99984CD02BA61BD9004EACCA /* ContentView.swift */ = {isa = PBXFileReference; lastKnownFileType = sourcecode.swift; path = ContentView.swift; sourceTree = "<group>"; };
		99984CD22BA61BDA004EACCA /* Assets.xcassets */ = {isa = PBXFileReference; lastKnownFileType = folder.assetcatalog; path = Assets.xcassets; sourceTree = "<group>"; };
		99984CD52BA61BDA004EACCA /* Preview Assets.xcassets */ = {isa = PBXFileReference; lastKnownFileType = folder.assetcatalog; path = "Preview Assets.xcassets"; sourceTree = "<group>"; };
		99984CD72BA61BDA004EACCA /* Info.plist */ = {isa = PBXFileReference; lastKnownFileType = text.plist.xml; path = Info.plist; sourceTree = "<group>"; };
		99AF206D2BA4D7E600E3099D /* PrivacyInfo.xcprivacy */ = {isa = PBXFileReference; lastKnownFileType = text.xml; path = PrivacyInfo.xcprivacy; sourceTree = "<group>"; };
		99CBDBF32BA5092F0008954E /* SubtractPointsIntent.swift */ = {isa = PBXFileReference; lastKnownFileType = sourcecode.swift; path = SubtractPointsIntent.swift; sourceTree = "<group>"; };
		99CBDBF52BA5099F0008954E /* CountableAppShortcuts.swift */ = {isa = PBXFileReference; lastKnownFileType = sourcecode.swift; path = CountableAppShortcuts.swift; sourceTree = "<group>"; };
		99CBDBF72BA509D10008954E /* ShortcutsSnippetView.swift */ = {isa = PBXFileReference; lastKnownFileType = sourcecode.swift; path = ShortcutsSnippetView.swift; sourceTree = "<group>"; };
		99CBDBF92BA50A1B0008954E /* Player.swift */ = {isa = PBXFileReference; lastKnownFileType = sourcecode.swift; path = Player.swift; sourceTree = "<group>"; };
		99DFD0782B9E673E0032AC0B /* Countable-Info.plist */ = {isa = PBXFileReference; lastKnownFileType = text.plist.xml; path = "Countable-Info.plist"; sourceTree = SOURCE_ROOT; };
		99DFD0792B9E68EE0032AC0B /* Bitter-Regular.ttf */ = {isa = PBXFileReference; lastKnownFileType = file; path = "Bitter-Regular.ttf"; sourceTree = "<group>"; };
/* End PBXFileReference section */

/* Begin PBXFrameworksBuildPhase section */
		9933B6A72B9E128200CFA3CC /* Frameworks */ = {
			isa = PBXFrameworksBuildPhase;
			buildActionMask = 2147483647;
			files = (
				99297B362BA655E7004BAE5E /* AppFeature in Frameworks */,
			);
			runOnlyForDeploymentPostprocessing = 0;
		};
		9933B6B72B9E128500CFA3CC /* Frameworks */ = {
			isa = PBXFrameworksBuildPhase;
			buildActionMask = 2147483647;
			files = (
			);
			runOnlyForDeploymentPostprocessing = 0;
		};
		9979B4572BA10B1000FC2D9B /* Frameworks */ = {
			isa = PBXFrameworksBuildPhase;
			buildActionMask = 2147483647;
			files = (
				9979B45E2BA10B1100FC2D9B /* SwiftUI.framework in Frameworks */,
				9979B45C2BA10B1100FC2D9B /* WidgetKit.framework in Frameworks */,
			);
			runOnlyForDeploymentPostprocessing = 0;
		};
		99984CC52BA61BD8004EACCA /* Frameworks */ = {
			isa = PBXFrameworksBuildPhase;
			buildActionMask = 2147483647;
			files = (
				99984CDC2BA61BE9004EACCA /* AppFeature in Frameworks */,
			);
			runOnlyForDeploymentPostprocessing = 0;
		};
/* End PBXFrameworksBuildPhase section */

/* Begin PBXGroup section */
		9933B6A12B9E128200CFA3CC = {
			isa = PBXGroup;
			children = (
				9973B1C12BA4DB0900B63BAC /* Modules */,
				9933B6AC2B9E128200CFA3CC /* Countable */,
				9933B6BD2B9E128500CFA3CC /* CountableTests */,
				9979B45F2BA10B1100FC2D9B /* CountableWidget */,
				99984CC92BA61BD9004EACCA /* CountableVisionOS */,
				99984CCA2BA61BD9004EACCA /* Packages */,
				9933B6AB2B9E128200CFA3CC /* Products */,
				99DFD0702B9E351E0032AC0B /* Frameworks */,
			);
			sourceTree = "<group>";
		};
		9933B6AB2B9E128200CFA3CC /* Products */ = {
			isa = PBXGroup;
			children = (
				9933B6AA2B9E128200CFA3CC /* Countable.app */,
				9933B6BA2B9E128500CFA3CC /* CountableTests.xctest */,
				9979B45A2BA10B1000FC2D9B /* CountableWidgetExtension.appex */,
				99984CC82BA61BD8004EACCA /* CountableVisionOS.app */,
			);
			name = Products;
			sourceTree = "<group>";
		};
		9933B6AC2B9E128200CFA3CC /* Countable */ = {
			isa = PBXGroup;
			children = (
				9940490C2BA51BB0001A2984 /* AppIntents */,
				9933B6B12B9E128500CFA3CC /* Assets.xcassets */,
				99DFD0792B9E68EE0032AC0B /* Bitter-Regular.ttf */,
				9979B4712BA10D3900FC2D9B /* Countable.entitlements */,
				99016ECA2BA22D3900B7D289 /* CountableApp.swift */,
				99DFD0782B9E673E0032AC0B /* Countable-Info.plist */,
				99AF206D2BA4D7E600E3099D /* PrivacyInfo.xcprivacy */,
			);
			path = Countable;
			sourceTree = "<group>";
		};
		9933B6BD2B9E128500CFA3CC /* CountableTests */ = {
			isa = PBXGroup;
			children = (
				9933B6BE2B9E128500CFA3CC /* CountableTests.swift */,
			);
			path = CountableTests;
			sourceTree = "<group>";
		};
		9940490C2BA51BB0001A2984 /* AppIntents */ = {
			isa = PBXGroup;
			children = (
				9979B4842BA111B600FC2D9B /* AddPointsIntent.swift */,
				99CBDBF52BA5099F0008954E /* CountableAppShortcuts.swift */,
				99CBDBF92BA50A1B0008954E /* Player.swift */,
				99CBDBF72BA509D10008954E /* ShortcutsSnippetView.swift */,
				99CBDBF32BA5092F0008954E /* SubtractPointsIntent.swift */,
			);
			path = AppIntents;
			sourceTree = "<group>";
		};
		9979B45F2BA10B1100FC2D9B /* CountableWidget */ = {
			isa = PBXGroup;
			children = (
				9979B4702BA10D0200FC2D9B /* CountableWidgetExtension.entitlements */,
				9979B4602BA10B1100FC2D9B /* CountableWidgetBundle.swift */,
				9979B4622BA10B1100FC2D9B /* SinglePlayerWidget.swift */,
				9979B4642BA10B1100FC2D9B /* AppIntent.swift */,
				9979B4662BA10B1200FC2D9B /* Assets.xcassets */,
				9979B4682BA10B1200FC2D9B /* Info.plist */,
			);
			path = CountableWidget;
			sourceTree = "<group>";
		};
		99984CC92BA61BD9004EACCA /* CountableVisionOS */ = {
			isa = PBXGroup;
			children = (
				99984CD22BA61BDA004EACCA /* Assets.xcassets */,
				99984CD02BA61BD9004EACCA /* ContentView.swift */,
				99984CCE2BA61BD9004EACCA /* CountableVisionOSApp.swift */,
				996090272BA9022C0003E027 /* PrivacyInfo.xcprivacy */,
				99984CD72BA61BDA004EACCA /* Info.plist */,
				99984CD42BA61BDA004EACCA /* Preview Content */,
			);
			path = CountableVisionOS;
			sourceTree = "<group>";
		};
		99984CCA2BA61BD9004EACCA /* Packages */ = {
			isa = PBXGroup;
			children = (
				99984CCB2BA61BD9004EACCA /* RealityKitContent */,
			);
			path = Packages;
			sourceTree = "<group>";
		};
		99984CD42BA61BDA004EACCA /* Preview Content */ = {
			isa = PBXGroup;
			children = (
				99984CD52BA61BDA004EACCA /* Preview Assets.xcassets */,
			);
			path = "Preview Content";
			sourceTree = "<group>";
		};
		99DFD0702B9E351E0032AC0B /* Frameworks */ = {
			isa = PBXGroup;
			children = (
				9979B45B2BA10B1000FC2D9B /* WidgetKit.framework */,
				9979B45D2BA10B1100FC2D9B /* SwiftUI.framework */,
			);
			name = Frameworks;
			sourceTree = "<group>";
		};
/* End PBXGroup section */

/* Begin PBXNativeTarget section */
		9933B6A92B9E128200CFA3CC /* Countable */ = {
			isa = PBXNativeTarget;
			buildConfigurationList = 9933B6CE2B9E128500CFA3CC /* Build configuration list for PBXNativeTarget "Countable" */;
			buildPhases = (
				9933B6A62B9E128200CFA3CC /* Sources */,
				9933B6A72B9E128200CFA3CC /* Frameworks */,
				9933B6A82B9E128200CFA3CC /* Resources */,
				9979B4832BA1111400FC2D9B /* Embed ExtensionKit Extensions */,
				99CBDBEE2BA4E3940008954E /* Embed Foundation Extensions */,
			);
			buildRules = (
			);
			dependencies = (
				99CBDBED2BA4E3930008954E /* PBXTargetDependency */,
			);
			name = Countable;
			packageProductDependencies = (
				99297B352BA655E7004BAE5E /* AppFeature */,
			);
			productName = "Game Counter";
			productReference = 9933B6AA2B9E128200CFA3CC /* Countable.app */;
			productType = "com.apple.product-type.application";
		};
		9933B6B92B9E128500CFA3CC /* CountableTests */ = {
			isa = PBXNativeTarget;
			buildConfigurationList = 9933B6D12B9E128500CFA3CC /* Build configuration list for PBXNativeTarget "CountableTests" */;
			buildPhases = (
				9933B6B62B9E128500CFA3CC /* Sources */,
				9933B6B72B9E128500CFA3CC /* Frameworks */,
				9933B6B82B9E128500CFA3CC /* Resources */,
			);
			buildRules = (
			);
			dependencies = (
				9933B6BC2B9E128500CFA3CC /* PBXTargetDependency */,
			);
			name = CountableTests;
			productName = "Game CounterTests";
			productReference = 9933B6BA2B9E128500CFA3CC /* CountableTests.xctest */;
			productType = "com.apple.product-type.bundle.unit-test";
		};
		9979B4592BA10B1000FC2D9B /* CountableWidgetExtension */ = {
			isa = PBXNativeTarget;
			buildConfigurationList = 9979B46F2BA10B1200FC2D9B /* Build configuration list for PBXNativeTarget "CountableWidgetExtension" */;
			buildPhases = (
				9979B4562BA10B1000FC2D9B /* Sources */,
				9979B4572BA10B1000FC2D9B /* Frameworks */,
				9979B4582BA10B1000FC2D9B /* Resources */,
			);
			buildRules = (
			);
			dependencies = (
			);
			name = CountableWidgetExtension;
			productName = "Game Counter WidgetExtension";
			productReference = 9979B45A2BA10B1000FC2D9B /* CountableWidgetExtension.appex */;
			productType = "com.apple.product-type.app-extension";
		};
		99984CC72BA61BD8004EACCA /* CountableVisionOS */ = {
			isa = PBXNativeTarget;
			buildConfigurationList = 99984CD82BA61BDA004EACCA /* Build configuration list for PBXNativeTarget "CountableVisionOS" */;
			buildPhases = (
				99984CC42BA61BD8004EACCA /* Sources */,
				99984CC52BA61BD8004EACCA /* Frameworks */,
				99984CC62BA61BD8004EACCA /* Resources */,
			);
			buildRules = (
			);
			dependencies = (
			);
			name = CountableVisionOS;
			packageProductDependencies = (
				99984CDB2BA61BE9004EACCA /* AppFeature */,
			);
			productName = CountableVisionOS;
			productReference = 99984CC82BA61BD8004EACCA /* CountableVisionOS.app */;
			productType = "com.apple.product-type.application";
		};
/* End PBXNativeTarget section */

/* Begin PBXProject section */
		9933B6A22B9E128200CFA3CC /* Project object */ = {
			isa = PBXProject;
			attributes = {
				BuildIndependentTargetsInParallel = 1;
				LastSwiftUpdateCheck = 1530;
				LastUpgradeCheck = 1520;
				TargetAttributes = {
					9933B6A92B9E128200CFA3CC = {
						CreatedOnToolsVersion = 15.2;
					};
					9933B6B92B9E128500CFA3CC = {
						CreatedOnToolsVersion = 15.2;
						TestTargetID = 9933B6A92B9E128200CFA3CC;
					};
					9979B4592BA10B1000FC2D9B = {
						CreatedOnToolsVersion = 15.3;
					};
					99984CC72BA61BD8004EACCA = {
						CreatedOnToolsVersion = 15.3;
					};
				};
			};
			buildConfigurationList = 9933B6A52B9E128200CFA3CC /* Build configuration list for PBXProject "Countable" */;
			compatibilityVersion = "Xcode 14.0";
			developmentRegion = en;
			hasScannedForEncodings = 0;
			knownRegions = (
				en,
				Base,
			);
			mainGroup = 9933B6A12B9E128200CFA3CC;
			packageReferences = (
			);
			productRefGroup = 9933B6AB2B9E128200CFA3CC /* Products */;
			projectDirPath = "";
			projectRoot = "";
			targets = (
				9933B6A92B9E128200CFA3CC /* Countable */,
				9933B6B92B9E128500CFA3CC /* CountableTests */,
				9979B4592BA10B1000FC2D9B /* CountableWidgetExtension */,
				99984CC72BA61BD8004EACCA /* CountableVisionOS */,
			);
		};
/* End PBXProject section */

/* Begin PBXResourcesBuildPhase section */
		9933B6A82B9E128200CFA3CC /* Resources */ = {
			isa = PBXResourcesBuildPhase;
			buildActionMask = 2147483647;
			files = (
				99DFD07A2B9E6A1B0032AC0B /* Bitter-Regular.ttf in Resources */,
				99AF206E2BA4D7E600E3099D /* PrivacyInfo.xcprivacy in Resources */,
				9933B6B22B9E128500CFA3CC /* Assets.xcassets in Resources */,
			);
			runOnlyForDeploymentPostprocessing = 0;
		};
		9933B6B82B9E128500CFA3CC /* Resources */ = {
			isa = PBXResourcesBuildPhase;
			buildActionMask = 2147483647;
			files = (
			);
			runOnlyForDeploymentPostprocessing = 0;
		};
		9979B4582BA10B1000FC2D9B /* Resources */ = {
			isa = PBXResourcesBuildPhase;
			buildActionMask = 2147483647;
			files = (
				9979B4672BA10B1200FC2D9B /* Assets.xcassets in Resources */,
			);
			runOnlyForDeploymentPostprocessing = 0;
		};
		99984CC62BA61BD8004EACCA /* Resources */ = {
			isa = PBXResourcesBuildPhase;
			buildActionMask = 2147483647;
			files = (
				996090282BA9022C0003E027 /* PrivacyInfo.xcprivacy in Resources */,
				99984CD62BA61BDA004EACCA /* Preview Assets.xcassets in Resources */,
				99984CD32BA61BDA004EACCA /* Assets.xcassets in Resources */,
			);
			runOnlyForDeploymentPostprocessing = 0;
		};
/* End PBXResourcesBuildPhase section */

/* Begin PBXSourcesBuildPhase section */
		9933B6A62B9E128200CFA3CC /* Sources */ = {
			isa = PBXSourcesBuildPhase;
			buildActionMask = 2147483647;
			files = (
				99CBDBF42BA5092F0008954E /* SubtractPointsIntent.swift in Sources */,
				99016ECE2BA36DE800B7D289 /* AddPointsIntent.swift in Sources */,
				99016ED42BA371A100B7D289 /* AppIntent.swift in Sources */,
				99016ECB2BA22D3900B7D289 /* CountableApp.swift in Sources */,
				99CBDBFA2BA50A1B0008954E /* Player.swift in Sources */,
				99CBDBF82BA509D10008954E /* ShortcutsSnippetView.swift in Sources */,
				99CBDBF62BA5099F0008954E /* CountableAppShortcuts.swift in Sources */,
			);
			runOnlyForDeploymentPostprocessing = 0;
		};
		9933B6B62B9E128500CFA3CC /* Sources */ = {
			isa = PBXSourcesBuildPhase;
			buildActionMask = 2147483647;
			files = (
				9933B6BF2B9E128500CFA3CC /* CountableTests.swift in Sources */,
			);
			runOnlyForDeploymentPostprocessing = 0;
		};
		9979B4562BA10B1000FC2D9B /* Sources */ = {
			isa = PBXSourcesBuildPhase;
			buildActionMask = 2147483647;
			files = (
				99CBDBFC2BA50C190008954E /* SubtractPointsIntent.swift in Sources */,
				99016ECF2BA36DE900B7D289 /* AddPointsIntent.swift in Sources */,
				9979B4632BA10B1100FC2D9B /* SinglePlayerWidget.swift in Sources */,
				9979B4612BA10B1100FC2D9B /* CountableWidgetBundle.swift in Sources */,
				99CBDBFB2BA50C0E0008954E /* Player.swift in Sources */,
				99CBDBFD2BA50C260008954E /* ShortcutsSnippetView.swift in Sources */,
				9979B4652BA10B1100FC2D9B /* AppIntent.swift in Sources */,
			);
			runOnlyForDeploymentPostprocessing = 0;
		};
		99984CC42BA61BD8004EACCA /* Sources */ = {
			isa = PBXSourcesBuildPhase;
			buildActionMask = 2147483647;
			files = (
				99984CD12BA61BD9004EACCA /* ContentView.swift in Sources */,
				99984CCF2BA61BD9004EACCA /* CountableVisionOSApp.swift in Sources */,
			);
			runOnlyForDeploymentPostprocessing = 0;
		};
/* End PBXSourcesBuildPhase section */

/* Begin PBXTargetDependency section */
		9933B6BC2B9E128500CFA3CC /* PBXTargetDependency */ = {
			isa = PBXTargetDependency;
			target = 9933B6A92B9E128200CFA3CC /* Countable */;
			targetProxy = 9933B6BB2B9E128500CFA3CC /* PBXContainerItemProxy */;
		};
		99CBDBED2BA4E3930008954E /* PBXTargetDependency */ = {
			isa = PBXTargetDependency;
			target = 9979B4592BA10B1000FC2D9B /* CountableWidgetExtension */;
			targetProxy = 99CBDBEC2BA4E3930008954E /* PBXContainerItemProxy */;
		};
/* End PBXTargetDependency section */

/* Begin XCBuildConfiguration section */
		9933B6CC2B9E128500CFA3CC /* Debug */ = {
			isa = XCBuildConfiguration;
			buildSettings = {
				ALWAYS_SEARCH_USER_PATHS = NO;
				ASSETCATALOG_COMPILER_GENERATE_SWIFT_ASSET_SYMBOL_EXTENSIONS = YES;
				CLANG_ANALYZER_NONNULL = YES;
				CLANG_ANALYZER_NUMBER_OBJECT_CONVERSION = YES_AGGRESSIVE;
				CLANG_CXX_LANGUAGE_STANDARD = "gnu++20";
				CLANG_ENABLE_MODULES = YES;
				CLANG_ENABLE_OBJC_ARC = YES;
				CLANG_ENABLE_OBJC_WEAK = YES;
				CLANG_WARN_BLOCK_CAPTURE_AUTORELEASING = YES;
				CLANG_WARN_BOOL_CONVERSION = YES;
				CLANG_WARN_COMMA = YES;
				CLANG_WARN_CONSTANT_CONVERSION = YES;
				CLANG_WARN_DEPRECATED_OBJC_IMPLEMENTATIONS = YES;
				CLANG_WARN_DIRECT_OBJC_ISA_USAGE = YES_ERROR;
				CLANG_WARN_DOCUMENTATION_COMMENTS = YES;
				CLANG_WARN_EMPTY_BODY = YES;
				CLANG_WARN_ENUM_CONVERSION = YES;
				CLANG_WARN_INFINITE_RECURSION = YES;
				CLANG_WARN_INT_CONVERSION = YES;
				CLANG_WARN_NON_LITERAL_NULL_CONVERSION = YES;
				CLANG_WARN_OBJC_IMPLICIT_RETAIN_SELF = YES;
				CLANG_WARN_OBJC_LITERAL_CONVERSION = YES;
				CLANG_WARN_OBJC_ROOT_CLASS = YES_ERROR;
				CLANG_WARN_QUOTED_INCLUDE_IN_FRAMEWORK_HEADER = YES;
				CLANG_WARN_RANGE_LOOP_ANALYSIS = YES;
				CLANG_WARN_STRICT_PROTOTYPES = YES;
				CLANG_WARN_SUSPICIOUS_MOVE = YES;
				CLANG_WARN_UNGUARDED_AVAILABILITY = YES_AGGRESSIVE;
				CLANG_WARN_UNREACHABLE_CODE = YES;
				CLANG_WARN__DUPLICATE_METHOD_MATCH = YES;
				COPY_PHASE_STRIP = NO;
				DEBUG_INFORMATION_FORMAT = dwarf;
				ENABLE_STRICT_OBJC_MSGSEND = YES;
				ENABLE_TESTABILITY = YES;
				ENABLE_USER_SCRIPT_SANDBOXING = YES;
				GCC_C_LANGUAGE_STANDARD = gnu17;
				GCC_DYNAMIC_NO_PIC = NO;
				GCC_NO_COMMON_BLOCKS = YES;
				GCC_OPTIMIZATION_LEVEL = 0;
				GCC_PREPROCESSOR_DEFINITIONS = (
					"DEBUG=1",
					"$(inherited)",
				);
				GCC_WARN_64_TO_32_BIT_CONVERSION = YES;
				GCC_WARN_ABOUT_RETURN_TYPE = YES_ERROR;
				GCC_WARN_UNDECLARED_SELECTOR = YES;
				GCC_WARN_UNINITIALIZED_AUTOS = YES_AGGRESSIVE;
				GCC_WARN_UNUSED_FUNCTION = YES;
				GCC_WARN_UNUSED_VARIABLE = YES;
				IPHONEOS_DEPLOYMENT_TARGET = 17.2;
				LOCALIZATION_PREFERS_STRING_CATALOGS = YES;
				MTL_ENABLE_DEBUG_INFO = INCLUDE_SOURCE;
				MTL_FAST_MATH = YES;
				ONLY_ACTIVE_ARCH = YES;
				SDKROOT = iphoneos;
				SWIFT_ACTIVE_COMPILATION_CONDITIONS = "DEBUG $(inherited)";
				SWIFT_OPTIMIZATION_LEVEL = "-Onone";
			};
			name = Debug;
		};
		9933B6CD2B9E128500CFA3CC /* Release */ = {
			isa = XCBuildConfiguration;
			buildSettings = {
				ALWAYS_SEARCH_USER_PATHS = NO;
				ASSETCATALOG_COMPILER_GENERATE_SWIFT_ASSET_SYMBOL_EXTENSIONS = YES;
				CLANG_ANALYZER_NONNULL = YES;
				CLANG_ANALYZER_NUMBER_OBJECT_CONVERSION = YES_AGGRESSIVE;
				CLANG_CXX_LANGUAGE_STANDARD = "gnu++20";
				CLANG_ENABLE_MODULES = YES;
				CLANG_ENABLE_OBJC_ARC = YES;
				CLANG_ENABLE_OBJC_WEAK = YES;
				CLANG_WARN_BLOCK_CAPTURE_AUTORELEASING = YES;
				CLANG_WARN_BOOL_CONVERSION = YES;
				CLANG_WARN_COMMA = YES;
				CLANG_WARN_CONSTANT_CONVERSION = YES;
				CLANG_WARN_DEPRECATED_OBJC_IMPLEMENTATIONS = YES;
				CLANG_WARN_DIRECT_OBJC_ISA_USAGE = YES_ERROR;
				CLANG_WARN_DOCUMENTATION_COMMENTS = YES;
				CLANG_WARN_EMPTY_BODY = YES;
				CLANG_WARN_ENUM_CONVERSION = YES;
				CLANG_WARN_INFINITE_RECURSION = YES;
				CLANG_WARN_INT_CONVERSION = YES;
				CLANG_WARN_NON_LITERAL_NULL_CONVERSION = YES;
				CLANG_WARN_OBJC_IMPLICIT_RETAIN_SELF = YES;
				CLANG_WARN_OBJC_LITERAL_CONVERSION = YES;
				CLANG_WARN_OBJC_ROOT_CLASS = YES_ERROR;
				CLANG_WARN_QUOTED_INCLUDE_IN_FRAMEWORK_HEADER = YES;
				CLANG_WARN_RANGE_LOOP_ANALYSIS = YES;
				CLANG_WARN_STRICT_PROTOTYPES = YES;
				CLANG_WARN_SUSPICIOUS_MOVE = YES;
				CLANG_WARN_UNGUARDED_AVAILABILITY = YES_AGGRESSIVE;
				CLANG_WARN_UNREACHABLE_CODE = YES;
				CLANG_WARN__DUPLICATE_METHOD_MATCH = YES;
				COPY_PHASE_STRIP = NO;
				DEBUG_INFORMATION_FORMAT = "dwarf-with-dsym";
				ENABLE_NS_ASSERTIONS = NO;
				ENABLE_STRICT_OBJC_MSGSEND = YES;
				ENABLE_USER_SCRIPT_SANDBOXING = YES;
				GCC_C_LANGUAGE_STANDARD = gnu17;
				GCC_NO_COMMON_BLOCKS = YES;
				GCC_WARN_64_TO_32_BIT_CONVERSION = YES;
				GCC_WARN_ABOUT_RETURN_TYPE = YES_ERROR;
				GCC_WARN_UNDECLARED_SELECTOR = YES;
				GCC_WARN_UNINITIALIZED_AUTOS = YES_AGGRESSIVE;
				GCC_WARN_UNUSED_FUNCTION = YES;
				GCC_WARN_UNUSED_VARIABLE = YES;
				IPHONEOS_DEPLOYMENT_TARGET = 17.2;
				LOCALIZATION_PREFERS_STRING_CATALOGS = YES;
				MTL_ENABLE_DEBUG_INFO = NO;
				MTL_FAST_MATH = YES;
				SDKROOT = iphoneos;
				SWIFT_COMPILATION_MODE = wholemodule;
				VALIDATE_PRODUCT = YES;
			};
			name = Release;
		};
		9933B6CF2B9E128500CFA3CC /* Debug */ = {
			isa = XCBuildConfiguration;
			buildSettings = {
				ASSETCATALOG_COMPILER_APPICON_NAME = AppIcon;
				ASSETCATALOG_COMPILER_GLOBAL_ACCENT_COLOR_NAME = AccentColor;
				CODE_SIGN_ENTITLEMENTS = Countable/Countable.entitlements;
				CODE_SIGN_IDENTITY = "Apple Development";
				CODE_SIGN_STYLE = Automatic;
				CURRENT_PROJECT_VERSION = 1;
				DEVELOPMENT_ASSET_PATHS = "";
				DEVELOPMENT_TEAM = 47C966XSTJ;
				ENABLE_HARDENED_RUNTIME = YES;
				ENABLE_PREVIEWS = YES;
				GENERATE_INFOPLIST_FILE = YES;
				INFOPLIST_FILE = "Countable-Info.plist";
				INFOPLIST_KEY_CFBundleDisplayName = Countable;
				INFOPLIST_KEY_UIApplicationSceneManifest_Generation = YES;
				INFOPLIST_KEY_UIApplicationSupportsIndirectInputEvents = YES;
				INFOPLIST_KEY_UILaunchScreen_Generation = YES;
				INFOPLIST_KEY_UISupportedInterfaceOrientations_iPad = "UIInterfaceOrientationPortrait UIInterfaceOrientationPortraitUpsideDown UIInterfaceOrientationLandscapeLeft UIInterfaceOrientationLandscapeRight";
				INFOPLIST_KEY_UISupportedInterfaceOrientations_iPhone = "UIInterfaceOrientationPortrait UIInterfaceOrientationLandscapeLeft UIInterfaceOrientationLandscapeRight";
				IPHONEOS_DEPLOYMENT_TARGET = 17.0;
				LD_RUNPATH_SEARCH_PATHS = (
					"$(inherited)",
					"@executable_path/Frameworks",
				);
				MARKETING_VERSION = 1.0;
				PRODUCT_BUNDLE_IDENTIFIER = "com.garrett-harris.adam.Countable";
				PRODUCT_NAME = "$(TARGET_NAME)";
				PROVISIONING_PROFILE_SPECIFIER = "";
				SUPPORTED_PLATFORMS = "iphoneos iphonesimulator";
				SUPPORTS_MACCATALYST = NO;
				SUPPORTS_MAC_DESIGNED_FOR_IPHONE_IPAD = NO;
				SUPPORTS_XR_DESIGNED_FOR_IPHONE_IPAD = NO;
				SWIFT_EMIT_LOC_STRINGS = YES;
				SWIFT_VERSION = 5.0;
				TARGETED_DEVICE_FAMILY = "1,2";
			};
			name = Debug;
		};
		9933B6D02B9E128500CFA3CC /* Release */ = {
			isa = XCBuildConfiguration;
			buildSettings = {
				ASSETCATALOG_COMPILER_APPICON_NAME = AppIcon;
				ASSETCATALOG_COMPILER_GLOBAL_ACCENT_COLOR_NAME = AccentColor;
				CODE_SIGN_ENTITLEMENTS = Countable/Countable.entitlements;
				CODE_SIGN_IDENTITY = "Apple Development";
				CODE_SIGN_STYLE = Automatic;
				CURRENT_PROJECT_VERSION = 1;
				DEVELOPMENT_ASSET_PATHS = "";
				DEVELOPMENT_TEAM = 47C966XSTJ;
				ENABLE_HARDENED_RUNTIME = YES;
				ENABLE_PREVIEWS = YES;
				GENERATE_INFOPLIST_FILE = YES;
				INFOPLIST_FILE = "Countable-Info.plist";
				INFOPLIST_KEY_CFBundleDisplayName = Countable;
				INFOPLIST_KEY_UIApplicationSceneManifest_Generation = YES;
				INFOPLIST_KEY_UIApplicationSupportsIndirectInputEvents = YES;
				INFOPLIST_KEY_UILaunchScreen_Generation = YES;
				INFOPLIST_KEY_UISupportedInterfaceOrientations_iPad = "UIInterfaceOrientationPortrait UIInterfaceOrientationPortraitUpsideDown UIInterfaceOrientationLandscapeLeft UIInterfaceOrientationLandscapeRight";
				INFOPLIST_KEY_UISupportedInterfaceOrientations_iPhone = "UIInterfaceOrientationPortrait UIInterfaceOrientationLandscapeLeft UIInterfaceOrientationLandscapeRight";
				IPHONEOS_DEPLOYMENT_TARGET = 17.0;
				LD_RUNPATH_SEARCH_PATHS = (
					"$(inherited)",
					"@executable_path/Frameworks",
				);
				MARKETING_VERSION = 1.0;
				PRODUCT_BUNDLE_IDENTIFIER = "com.garrett-harris.adam.Countable";
				PRODUCT_NAME = "$(TARGET_NAME)";
				PROVISIONING_PROFILE_SPECIFIER = "";
				SUPPORTED_PLATFORMS = "iphoneos iphonesimulator";
				SUPPORTS_MACCATALYST = NO;
				SUPPORTS_MAC_DESIGNED_FOR_IPHONE_IPAD = NO;
				SUPPORTS_XR_DESIGNED_FOR_IPHONE_IPAD = NO;
				SWIFT_EMIT_LOC_STRINGS = YES;
				SWIFT_VERSION = 5.0;
				TARGETED_DEVICE_FAMILY = "1,2";
			};
			name = Release;
		};
		9933B6D22B9E128500CFA3CC /* Debug */ = {
			isa = XCBuildConfiguration;
			buildSettings = {
				ALWAYS_EMBED_SWIFT_STANDARD_LIBRARIES = YES;
				BUNDLE_LOADER = "$(TEST_HOST)";
				CODE_SIGN_STYLE = Automatic;
				CURRENT_PROJECT_VERSION = 1;
				DEVELOPMENT_TEAM = 47C966XSTJ;
				GENERATE_INFOPLIST_FILE = YES;
				IPHONEOS_DEPLOYMENT_TARGET = 17.0;
				MARKETING_VERSION = 1.0;
				PRODUCT_BUNDLE_IDENTIFIER = "com.garrett-harris.adam.CountableTests";
				PRODUCT_NAME = "$(TARGET_NAME)";
				SWIFT_EMIT_LOC_STRINGS = NO;
				SWIFT_VERSION = 5.0;
				TARGETED_DEVICE_FAMILY = "1,2";
				TEST_HOST = "$(BUILT_PRODUCTS_DIR)/Countable.app/$(BUNDLE_EXECUTABLE_FOLDER_PATH)/Countable";
			};
			name = Debug;
		};
		9933B6D32B9E128500CFA3CC /* Release */ = {
			isa = XCBuildConfiguration;
			buildSettings = {
				ALWAYS_EMBED_SWIFT_STANDARD_LIBRARIES = YES;
				BUNDLE_LOADER = "$(TEST_HOST)";
				CODE_SIGN_STYLE = Automatic;
				CURRENT_PROJECT_VERSION = 1;
				DEVELOPMENT_TEAM = 47C966XSTJ;
				GENERATE_INFOPLIST_FILE = YES;
				IPHONEOS_DEPLOYMENT_TARGET = 17.0;
				MARKETING_VERSION = 1.0;
				PRODUCT_BUNDLE_IDENTIFIER = "com.garrett-harris.adam.CountableTests";
				PRODUCT_NAME = "$(TARGET_NAME)";
				SWIFT_EMIT_LOC_STRINGS = NO;
				SWIFT_VERSION = 5.0;
				TARGETED_DEVICE_FAMILY = "1,2";
				TEST_HOST = "$(BUILT_PRODUCTS_DIR)/Countable.app/$(BUNDLE_EXECUTABLE_FOLDER_PATH)/Countable";
			};
			name = Release;
		};
		9979B46D2BA10B1200FC2D9B /* Debug */ = {
			isa = XCBuildConfiguration;
			buildSettings = {
				ASSETCATALOG_COMPILER_GLOBAL_ACCENT_COLOR_NAME = AccentColor;
				ASSETCATALOG_COMPILER_WIDGET_BACKGROUND_COLOR_NAME = WidgetBackground;
				CODE_SIGN_ENTITLEMENTS = CountableWidget/CountableWidgetExtension.entitlements;
				CODE_SIGN_IDENTITY = "Apple Development";
				CODE_SIGN_STYLE = Automatic;
				CURRENT_PROJECT_VERSION = 1;
				DEVELOPMENT_TEAM = 47C966XSTJ;
				GENERATE_INFOPLIST_FILE = YES;
				INFOPLIST_FILE = CountableWidget/Info.plist;
				INFOPLIST_KEY_CFBundleDisplayName = GameCounterWidget;
				INFOPLIST_KEY_NSHumanReadableCopyright = "";
				IPHONEOS_DEPLOYMENT_TARGET = 17.0;
				LD_RUNPATH_SEARCH_PATHS = (
					"$(inherited)",
					"@executable_path/Frameworks",
					"@executable_path/../../Frameworks",
				);
				MARKETING_VERSION = 1.0;
				PRODUCT_BUNDLE_IDENTIFIER = "com.garrett-harris.adam.Countable.widget";
				PRODUCT_NAME = "$(TARGET_NAME)";
				PROVISIONING_PROFILE_SPECIFIER = "";
				SKIP_INSTALL = YES;
				SUPPORTED_PLATFORMS = "iphoneos iphonesimulator";
				SUPPORTS_MACCATALYST = NO;
				SUPPORTS_MAC_DESIGNED_FOR_IPHONE_IPAD = NO;
				SUPPORTS_XR_DESIGNED_FOR_IPHONE_IPAD = NO;
				SWIFT_EMIT_LOC_STRINGS = YES;
				SWIFT_VERSION = 5.0;
				TARGETED_DEVICE_FAMILY = "1,2";
			};
			name = Debug;
		};
		9979B46E2BA10B1200FC2D9B /* Release */ = {
			isa = XCBuildConfiguration;
			buildSettings = {
				ASSETCATALOG_COMPILER_GLOBAL_ACCENT_COLOR_NAME = AccentColor;
				ASSETCATALOG_COMPILER_WIDGET_BACKGROUND_COLOR_NAME = WidgetBackground;
				CODE_SIGN_ENTITLEMENTS = CountableWidget/CountableWidgetExtension.entitlements;
				CODE_SIGN_IDENTITY = "Apple Development";
				CODE_SIGN_STYLE = Automatic;
				CURRENT_PROJECT_VERSION = 1;
				DEVELOPMENT_TEAM = 47C966XSTJ;
				GENERATE_INFOPLIST_FILE = YES;
				INFOPLIST_FILE = CountableWidget/Info.plist;
				INFOPLIST_KEY_CFBundleDisplayName = GameCounterWidget;
				INFOPLIST_KEY_NSHumanReadableCopyright = "";
				IPHONEOS_DEPLOYMENT_TARGET = 17.0;
				LD_RUNPATH_SEARCH_PATHS = (
					"$(inherited)",
					"@executable_path/Frameworks",
					"@executable_path/../../Frameworks",
				);
				MARKETING_VERSION = 1.0;
				PRODUCT_BUNDLE_IDENTIFIER = "com.garrett-harris.adam.Countable.widget";
				PRODUCT_NAME = "$(TARGET_NAME)";
				PROVISIONING_PROFILE_SPECIFIER = "";
				SKIP_INSTALL = YES;
				SUPPORTED_PLATFORMS = "iphoneos iphonesimulator";
				SUPPORTS_MACCATALYST = NO;
				SUPPORTS_MAC_DESIGNED_FOR_IPHONE_IPAD = NO;
				SUPPORTS_XR_DESIGNED_FOR_IPHONE_IPAD = NO;
				SWIFT_EMIT_LOC_STRINGS = YES;
				SWIFT_VERSION = 5.0;
				TARGETED_DEVICE_FAMILY = "1,2";
			};
			name = Release;
		};
		99984CD92BA61BDA004EACCA /* Debug */ = {
			isa = XCBuildConfiguration;
			buildSettings = {
				ASSETCATALOG_COMPILER_APPICON_NAME = AppIcon;
				ASSETCATALOG_COMPILER_GLOBAL_ACCENT_COLOR_NAME = AccentColor;
				CODE_SIGN_STYLE = Automatic;
				CURRENT_PROJECT_VERSION = 1;
				DEVELOPMENT_ASSET_PATHS = "\"CountableVisionOS/Preview Content\"";
				DEVELOPMENT_TEAM = 47C966XSTJ;
				ENABLE_PREVIEWS = YES;
				GENERATE_INFOPLIST_FILE = YES;
				INFOPLIST_FILE = "$(TARGET_NAME)/Info.plist";
				INFOPLIST_KEY_CFBundleDisplayName = Countable;
				LD_RUNPATH_SEARCH_PATHS = (
					"$(inherited)",
					"@executable_path/Frameworks",
				);
				MARKETING_VERSION = 1.0;
				PRODUCT_BUNDLE_IDENTIFIER = "com.garrett-harris.adam.CountableVisionOS";
				PRODUCT_NAME = "$(TARGET_NAME)";
				SDKROOT = xros;
				SUPPORTED_PLATFORMS = "xros xrsimulator";
				SWIFT_EMIT_LOC_STRINGS = YES;
				SWIFT_VERSION = 5.0;
				TARGETED_DEVICE_FAMILY = "1,2,7";
				XROS_DEPLOYMENT_TARGET = 1.0;
			};
			name = Debug;
		};
		99984CDA2BA61BDA004EACCA /* Release */ = {
			isa = XCBuildConfiguration;
			buildSettings = {
				ASSETCATALOG_COMPILER_APPICON_NAME = AppIcon;
				ASSETCATALOG_COMPILER_GLOBAL_ACCENT_COLOR_NAME = AccentColor;
				CODE_SIGN_STYLE = Automatic;
				CURRENT_PROJECT_VERSION = 1;
				DEVELOPMENT_ASSET_PATHS = "\"CountableVisionOS/Preview Content\"";
				DEVELOPMENT_TEAM = 47C966XSTJ;
				ENABLE_PREVIEWS = YES;
				GENERATE_INFOPLIST_FILE = YES;
				INFOPLIST_FILE = "$(TARGET_NAME)/Info.plist";
				INFOPLIST_KEY_CFBundleDisplayName = Countable;
				LD_RUNPATH_SEARCH_PATHS = (
					"$(inherited)",
					"@executable_path/Frameworks",
				);
				MARKETING_VERSION = 1.0;
				PRODUCT_BUNDLE_IDENTIFIER = "com.garrett-harris.adam.CountableVisionOS";
				PRODUCT_NAME = "$(TARGET_NAME)";
				SDKROOT = xros;
				SUPPORTED_PLATFORMS = "xros xrsimulator";
				SWIFT_EMIT_LOC_STRINGS = YES;
				SWIFT_VERSION = 5.0;
				TARGETED_DEVICE_FAMILY = "1,2,7";
				XROS_DEPLOYMENT_TARGET = 1.0;
			};
			name = Release;
		};
/* End XCBuildConfiguration section */

/* Begin XCConfigurationList section */
		9933B6A52B9E128200CFA3CC /* Build configuration list for PBXProject "Countable" */ = {
			isa = XCConfigurationList;
			buildConfigurations = (
				9933B6CC2B9E128500CFA3CC /* Debug */,
				9933B6CD2B9E128500CFA3CC /* Release */,
			);
			defaultConfigurationIsVisible = 0;
			defaultConfigurationName = Release;
		};
		9933B6CE2B9E128500CFA3CC /* Build configuration list for PBXNativeTarget "Countable" */ = {
			isa = XCConfigurationList;
			buildConfigurations = (
				9933B6CF2B9E128500CFA3CC /* Debug */,
				9933B6D02B9E128500CFA3CC /* Release */,
			);
			defaultConfigurationIsVisible = 0;
			defaultConfigurationName = Release;
		};
		9933B6D12B9E128500CFA3CC /* Build configuration list for PBXNativeTarget "CountableTests" */ = {
			isa = XCConfigurationList;
			buildConfigurations = (
				9933B6D22B9E128500CFA3CC /* Debug */,
				9933B6D32B9E128500CFA3CC /* Release */,
			);
			defaultConfigurationIsVisible = 0;
			defaultConfigurationName = Release;
		};
		9979B46F2BA10B1200FC2D9B /* Build configuration list for PBXNativeTarget "CountableWidgetExtension" */ = {
			isa = XCConfigurationList;
			buildConfigurations = (
				9979B46D2BA10B1200FC2D9B /* Debug */,
				9979B46E2BA10B1200FC2D9B /* Release */,
			);
			defaultConfigurationIsVisible = 0;
			defaultConfigurationName = Release;
		};
		99984CD82BA61BDA004EACCA /* Build configuration list for PBXNativeTarget "CountableVisionOS" */ = {
			isa = XCConfigurationList;
			buildConfigurations = (
				99984CD92BA61BDA004EACCA /* Debug */,
				99984CDA2BA61BDA004EACCA /* Release */,
			);
			defaultConfigurationIsVisible = 0;
			defaultConfigurationName = Release;
		};
/* End XCConfigurationList section */

/* Begin XCSwiftPackageProductDependency section */
		99297B352BA655E7004BAE5E /* AppFeature */ = {
			isa = XCSwiftPackageProductDependency;
			productName = AppFeature;
		};
		99984CDB2BA61BE9004EACCA /* AppFeature */ = {
			isa = XCSwiftPackageProductDependency;
			productName = AppFeature;
		};
/* End XCSwiftPackageProductDependency section */
	};
	rootObject = 9933B6A22B9E128200CFA3CC /* Project object */;
}
