// !$*UTF8*$!
{
	archiveVersion = 1;
	classes = {
	};
	objectVersion = 56;
	objects = {

/* Begin PBXBuildFile section */
		9933B6B02B9E128200CFA3CC /* ContentView.swift in Sources */ = {isa = PBXBuildFile; fileRef = 9933B6AF2B9E128200CFA3CC /* ContentView.swift */; };
		9933B6B22B9E128500CFA3CC /* Assets.xcassets in Resources */ = {isa = PBXBuildFile; fileRef = 9933B6B12B9E128500CFA3CC /* Assets.xcassets */; };
		9933B6B52B9E128500CFA3CC /* Preview Assets.xcassets in Resources */ = {isa = PBXBuildFile; fileRef = 9933B6B42B9E128500CFA3CC /* Preview Assets.xcassets */; };
		9933B6BF2B9E128500CFA3CC /* Game_CounterTests.swift in Sources */ = {isa = PBXBuildFile; fileRef = 9933B6BE2B9E128500CFA3CC /* Game_CounterTests.swift */; };
		9933B6C92B9E128500CFA3CC /* Game_CounterUITests.swift in Sources */ = {isa = PBXBuildFile; fileRef = 9933B6C82B9E128500CFA3CC /* Game_CounterUITests.swift */; };
		9933B6CB2B9E128500CFA3CC /* Game_CounterUITestsLaunchTests.swift in Sources */ = {isa = PBXBuildFile; fileRef = 9933B6CA2B9E128500CFA3CC /* Game_CounterUITestsLaunchTests.swift */; };
		9933B6D82B9E12C500CFA3CC /* CounterView.swift in Sources */ = {isa = PBXBuildFile; fileRef = 9933B6D72B9E12C500CFA3CC /* CounterView.swift */; };
		99DFD0722B9E351E0032AC0B /* ComposableArchitecture in Frameworks */ = {isa = PBXBuildFile; productRef = 99DFD0712B9E351E0032AC0B /* ComposableArchitecture */; };
		99DFD0742B9E50940032AC0B /* SettingsView.swift in Sources */ = {isa = PBXBuildFile; fileRef = 99DFD0732B9E50940032AC0B /* SettingsView.swift */; };
		99DFD07A2B9E6A1B0032AC0B /* Bitter-Regular.ttf in Resources */ = {isa = PBXBuildFile; fileRef = 99DFD0792B9E68EE0032AC0B /* Bitter-Regular.ttf */; };
/* End PBXBuildFile section */

/* Begin PBXContainerItemProxy section */
		9933B6BB2B9E128500CFA3CC /* PBXContainerItemProxy */ = {
			isa = PBXContainerItemProxy;
			containerPortal = 9933B6A22B9E128200CFA3CC /* Project object */;
			proxyType = 1;
			remoteGlobalIDString = 9933B6A92B9E128200CFA3CC;
			remoteInfo = "Game Counter";
		};
		9933B6C52B9E128500CFA3CC /* PBXContainerItemProxy */ = {
			isa = PBXContainerItemProxy;
			containerPortal = 9933B6A22B9E128200CFA3CC /* Project object */;
			proxyType = 1;
			remoteGlobalIDString = 9933B6A92B9E128200CFA3CC;
			remoteInfo = "Game Counter";
		};
/* End PBXContainerItemProxy section */

/* Begin PBXFileReference section */
		9933B6AA2B9E128200CFA3CC /* Game Counter.app */ = {isa = PBXFileReference; explicitFileType = wrapper.application; includeInIndex = 0; path = "Game Counter.app"; sourceTree = BUILT_PRODUCTS_DIR; };
		9933B6AF2B9E128200CFA3CC /* ContentView.swift */ = {isa = PBXFileReference; lastKnownFileType = sourcecode.swift; path = ContentView.swift; sourceTree = "<group>"; };
		9933B6B12B9E128500CFA3CC /* Assets.xcassets */ = {isa = PBXFileReference; lastKnownFileType = folder.assetcatalog; path = Assets.xcassets; sourceTree = "<group>"; };
		9933B6B42B9E128500CFA3CC /* Preview Assets.xcassets */ = {isa = PBXFileReference; lastKnownFileType = folder.assetcatalog; path = "Preview Assets.xcassets"; sourceTree = "<group>"; };
		9933B6BA2B9E128500CFA3CC /* Game CounterTests.xctest */ = {isa = PBXFileReference; explicitFileType = wrapper.cfbundle; includeInIndex = 0; path = "Game CounterTests.xctest"; sourceTree = BUILT_PRODUCTS_DIR; };
		9933B6BE2B9E128500CFA3CC /* Game_CounterTests.swift */ = {isa = PBXFileReference; lastKnownFileType = sourcecode.swift; path = Game_CounterTests.swift; sourceTree = "<group>"; };
		9933B6C42B9E128500CFA3CC /* Game CounterUITests.xctest */ = {isa = PBXFileReference; explicitFileType = wrapper.cfbundle; includeInIndex = 0; path = "Game CounterUITests.xctest"; sourceTree = BUILT_PRODUCTS_DIR; };
		9933B6C82B9E128500CFA3CC /* Game_CounterUITests.swift */ = {isa = PBXFileReference; lastKnownFileType = sourcecode.swift; path = Game_CounterUITests.swift; sourceTree = "<group>"; };
		9933B6CA2B9E128500CFA3CC /* Game_CounterUITestsLaunchTests.swift */ = {isa = PBXFileReference; lastKnownFileType = sourcecode.swift; path = Game_CounterUITestsLaunchTests.swift; sourceTree = "<group>"; };
		9933B6D72B9E12C500CFA3CC /* CounterView.swift */ = {isa = PBXFileReference; lastKnownFileType = sourcecode.swift; path = CounterView.swift; sourceTree = "<group>"; };
		99DFD0732B9E50940032AC0B /* SettingsView.swift */ = {isa = PBXFileReference; lastKnownFileType = sourcecode.swift; path = SettingsView.swift; sourceTree = "<group>"; };
		99DFD0782B9E673E0032AC0B /* Game-Counter-Info.plist */ = {isa = PBXFileReference; lastKnownFileType = text.plist; path = "Game-Counter-Info.plist"; sourceTree = SOURCE_ROOT; };
		99DFD0792B9E68EE0032AC0B /* Bitter-Regular.ttf */ = {isa = PBXFileReference; lastKnownFileType = file; path = "Bitter-Regular.ttf"; sourceTree = "<group>"; };
/* End PBXFileReference section */

/* Begin PBXFrameworksBuildPhase section */
		9933B6A72B9E128200CFA3CC /* Frameworks */ = {
			isa = PBXFrameworksBuildPhase;
			buildActionMask = 2147483647;
			files = (
				99DFD0722B9E351E0032AC0B /* ComposableArchitecture in Frameworks */,
			);
			runOnlyForDeploymentPostprocessing = 0;
		};
		9933B6B72B9E128500CFA3CC /* Frameworks */ = {
			isa = PBXFrameworksBuildPhase;
			buildActionMask = 2147483647;
			files = (
			);
			runOnlyForDeploymentPostprocessing = 0;
		};
		9933B6C12B9E128500CFA3CC /* Frameworks */ = {
			isa = PBXFrameworksBuildPhase;
			buildActionMask = 2147483647;
			files = (
			);
			runOnlyForDeploymentPostprocessing = 0;
		};
/* End PBXFrameworksBuildPhase section */

/* Begin PBXGroup section */
		9933B6A12B9E128200CFA3CC = {
			isa = PBXGroup;
			children = (
				9933B6AC2B9E128200CFA3CC /* Game Counter */,
				9933B6BD2B9E128500CFA3CC /* Game CounterTests */,
				9933B6C72B9E128500CFA3CC /* Game CounterUITests */,
				9933B6AB2B9E128200CFA3CC /* Products */,
				99DFD0702B9E351E0032AC0B /* Frameworks */,
			);
			sourceTree = "<group>";
		};
		9933B6AB2B9E128200CFA3CC /* Products */ = {
			isa = PBXGroup;
			children = (
				9933B6AA2B9E128200CFA3CC /* Game Counter.app */,
				9933B6BA2B9E128500CFA3CC /* Game CounterTests.xctest */,
				9933B6C42B9E128500CFA3CC /* Game CounterUITests.xctest */,
			);
			name = Products;
			sourceTree = "<group>";
		};
		9933B6AC2B9E128200CFA3CC /* Game Counter */ = {
			isa = PBXGroup;
			children = (
				99DFD0782B9E673E0032AC0B /* Game-Counter-Info.plist */,
				99DFD0792B9E68EE0032AC0B /* Bitter-Regular.ttf */,
				9933B6AF2B9E128200CFA3CC /* ContentView.swift */,
				9933B6D72B9E12C500CFA3CC /* CounterView.swift */,
				9933B6B12B9E128500CFA3CC /* Assets.xcassets */,
				9933B6B32B9E128500CFA3CC /* Preview Content */,
				99DFD0732B9E50940032AC0B /* SettingsView.swift */,
			);
			path = "Game Counter";
			sourceTree = "<group>";
		};
		9933B6B32B9E128500CFA3CC /* Preview Content */ = {
			isa = PBXGroup;
			children = (
				9933B6B42B9E128500CFA3CC /* Preview Assets.xcassets */,
			);
			path = "Preview Content";
			sourceTree = "<group>";
		};
		9933B6BD2B9E128500CFA3CC /* Game CounterTests */ = {
			isa = PBXGroup;
			children = (
				9933B6BE2B9E128500CFA3CC /* Game_CounterTests.swift */,
			);
			path = "Game CounterTests";
			sourceTree = "<group>";
		};
		9933B6C72B9E128500CFA3CC /* Game CounterUITests */ = {
			isa = PBXGroup;
			children = (
				9933B6C82B9E128500CFA3CC /* Game_CounterUITests.swift */,
				9933B6CA2B9E128500CFA3CC /* Game_CounterUITestsLaunchTests.swift */,
			);
			path = "Game CounterUITests";
			sourceTree = "<group>";
		};
		99DFD0702B9E351E0032AC0B /* Frameworks */ = {
			isa = PBXGroup;
			children = (
			);
			name = Frameworks;
			sourceTree = "<group>";
		};
/* End PBXGroup section */

/* Begin PBXNativeTarget section */
		9933B6A92B9E128200CFA3CC /* Game Counter */ = {
			isa = PBXNativeTarget;
			buildConfigurationList = 9933B6CE2B9E128500CFA3CC /* Build configuration list for PBXNativeTarget "Game Counter" */;
			buildPhases = (
				9933B6A62B9E128200CFA3CC /* Sources */,
				9933B6A72B9E128200CFA3CC /* Frameworks */,
				9933B6A82B9E128200CFA3CC /* Resources */,
			);
			buildRules = (
			);
			dependencies = (
			);
			name = "Game Counter";
			packageProductDependencies = (
				99DFD0712B9E351E0032AC0B /* ComposableArchitecture */,
			);
			productName = "Game Counter";
			productReference = 9933B6AA2B9E128200CFA3CC /* Game Counter.app */;
			productType = "com.apple.product-type.application";
		};
		9933B6B92B9E128500CFA3CC /* Game CounterTests */ = {
			isa = PBXNativeTarget;
			buildConfigurationList = 9933B6D12B9E128500CFA3CC /* Build configuration list for PBXNativeTarget "Game CounterTests" */;
			buildPhases = (
				9933B6B62B9E128500CFA3CC /* Sources */,
				9933B6B72B9E128500CFA3CC /* Frameworks */,
				9933B6B82B9E128500CFA3CC /* Resources */,
			);
			buildRules = (
			);
			dependencies = (
				9933B6BC2B9E128500CFA3CC /* PBXTargetDependency */,
			);
			name = "Game CounterTests";
			productName = "Game CounterTests";
			productReference = 9933B6BA2B9E128500CFA3CC /* Game CounterTests.xctest */;
			productType = "com.apple.product-type.bundle.unit-test";
		};
		9933B6C32B9E128500CFA3CC /* Game CounterUITests */ = {
			isa = PBXNativeTarget;
			buildConfigurationList = 9933B6D42B9E128500CFA3CC /* Build configuration list for PBXNativeTarget "Game CounterUITests" */;
			buildPhases = (
				9933B6C02B9E128500CFA3CC /* Sources */,
				9933B6C12B9E128500CFA3CC /* Frameworks */,
				9933B6C22B9E128500CFA3CC /* Resources */,
			);
			buildRules = (
			);
			dependencies = (
				9933B6C62B9E128500CFA3CC /* PBXTargetDependency */,
			);
			name = "Game CounterUITests";
			productName = "Game CounterUITests";
			productReference = 9933B6C42B9E128500CFA3CC /* Game CounterUITests.xctest */;
			productType = "com.apple.product-type.bundle.ui-testing";
		};
/* End PBXNativeTarget section */

/* Begin PBXProject section */
		9933B6A22B9E128200CFA3CC /* Project object */ = {
			isa = PBXProject;
			attributes = {
				BuildIndependentTargetsInParallel = 1;
				LastSwiftUpdateCheck = 1520;
				LastUpgradeCheck = 1520;
				TargetAttributes = {
					9933B6A92B9E128200CFA3CC = {
						CreatedOnToolsVersion = 15.2;
					};
					9933B6B92B9E128500CFA3CC = {
						CreatedOnToolsVersion = 15.2;
						TestTargetID = 9933B6A92B9E128200CFA3CC;
					};
					9933B6C32B9E128500CFA3CC = {
						CreatedOnToolsVersion = 15.2;
						TestTargetID = 9933B6A92B9E128200CFA3CC;
					};
				};
			};
			buildConfigurationList = 9933B6A52B9E128200CFA3CC /* Build configuration list for PBXProject "Game Counter" */;
			compatibilityVersion = "Xcode 14.0";
			developmentRegion = en;
			hasScannedForEncodings = 0;
			knownRegions = (
				en,
				Base,
			);
			mainGroup = 9933B6A12B9E128200CFA3CC;
			packageReferences = (
				99DFD06F2B9E2A530032AC0B /* XCRemoteSwiftPackageReference "swift-composable-architecture" */,
			);
			productRefGroup = 9933B6AB2B9E128200CFA3CC /* Products */;
			projectDirPath = "";
			projectRoot = "";
			targets = (
				9933B6A92B9E128200CFA3CC /* Game Counter */,
				9933B6B92B9E128500CFA3CC /* Game CounterTests */,
				9933B6C32B9E128500CFA3CC /* Game CounterUITests */,
			);
		};
/* End PBXProject section */

/* Begin PBXResourcesBuildPhase section */
		9933B6A82B9E128200CFA3CC /* Resources */ = {
			isa = PBXResourcesBuildPhase;
			buildActionMask = 2147483647;
			files = (
				99DFD07A2B9E6A1B0032AC0B /* Bitter-Regular.ttf in Resources */,
				9933B6B52B9E128500CFA3CC /* Preview Assets.xcassets in Resources */,
				9933B6B22B9E128500CFA3CC /* Assets.xcassets in Resources */,
			);
			runOnlyForDeploymentPostprocessing = 0;
		};
		9933B6B82B9E128500CFA3CC /* Resources */ = {
			isa = PBXResourcesBuildPhase;
			buildActionMask = 2147483647;
			files = (
			);
			runOnlyForDeploymentPostprocessing = 0;
		};
		9933B6C22B9E128500CFA3CC /* Resources */ = {
			isa = PBXResourcesBuildPhase;
			buildActionMask = 2147483647;
			files = (
			);
			runOnlyForDeploymentPostprocessing = 0;
		};
/* End PBXResourcesBuildPhase section */

/* Begin PBXSourcesBuildPhase section */
		9933B6A62B9E128200CFA3CC /* Sources */ = {
			isa = PBXSourcesBuildPhase;
			buildActionMask = 2147483647;
			files = (
				99DFD0742B9E50940032AC0B /* SettingsView.swift in Sources */,
				9933B6B02B9E128200CFA3CC /* ContentView.swift in Sources */,
				9933B6D82B9E12C500CFA3CC /* CounterView.swift in Sources */,
			);
			runOnlyForDeploymentPostprocessing = 0;
		};
		9933B6B62B9E128500CFA3CC /* Sources */ = {
			isa = PBXSourcesBuildPhase;
			buildActionMask = 2147483647;
			files = (
				9933B6BF2B9E128500CFA3CC /* Game_CounterTests.swift in Sources */,
			);
			runOnlyForDeploymentPostprocessing = 0;
		};
		9933B6C02B9E128500CFA3CC /* Sources */ = {
			isa = PBXSourcesBuildPhase;
			buildActionMask = 2147483647;
			files = (
				9933B6C92B9E128500CFA3CC /* Game_CounterUITests.swift in Sources */,
				9933B6CB2B9E128500CFA3CC /* Game_CounterUITestsLaunchTests.swift in Sources */,
			);
			runOnlyForDeploymentPostprocessing = 0;
		};
/* End PBXSourcesBuildPhase section */

/* Begin PBXTargetDependency section */
		9933B6BC2B9E128500CFA3CC /* PBXTargetDependency */ = {
			isa = PBXTargetDependency;
			target = 9933B6A92B9E128200CFA3CC /* Game Counter */;
			targetProxy = 9933B6BB2B9E128500CFA3CC /* PBXContainerItemProxy */;
		};
		9933B6C62B9E128500CFA3CC /* PBXTargetDependency */ = {
			isa = PBXTargetDependency;
			target = 9933B6A92B9E128200CFA3CC /* Game Counter */;
			targetProxy = 9933B6C52B9E128500CFA3CC /* PBXContainerItemProxy */;
		};
/* End PBXTargetDependency section */

/* Begin XCBuildConfiguration section */
		9933B6CC2B9E128500CFA3CC /* Debug */ = {
			isa = XCBuildConfiguration;
			buildSettings = {
				ALWAYS_SEARCH_USER_PATHS = NO;
				ASSETCATALOG_COMPILER_GENERATE_SWIFT_ASSET_SYMBOL_EXTENSIONS = YES;
				CLANG_ANALYZER_NONNULL = YES;
				CLANG_ANALYZER_NUMBER_OBJECT_CONVERSION = YES_AGGRESSIVE;
				CLANG_CXX_LANGUAGE_STANDARD = "gnu++20";
				CLANG_ENABLE_MODULES = YES;
				CLANG_ENABLE_OBJC_ARC = YES;
				CLANG_ENABLE_OBJC_WEAK = YES;
				CLANG_WARN_BLOCK_CAPTURE_AUTORELEASING = YES;
				CLANG_WARN_BOOL_CONVERSION = YES;
				CLANG_WARN_COMMA = YES;
				CLANG_WARN_CONSTANT_CONVERSION = YES;
				CLANG_WARN_DEPRECATED_OBJC_IMPLEMENTATIONS = YES;
				CLANG_WARN_DIRECT_OBJC_ISA_USAGE = YES_ERROR;
				CLANG_WARN_DOCUMENTATION_COMMENTS = YES;
				CLANG_WARN_EMPTY_BODY = YES;
				CLANG_WARN_ENUM_CONVERSION = YES;
				CLANG_WARN_INFINITE_RECURSION = YES;
				CLANG_WARN_INT_CONVERSION = YES;
				CLANG_WARN_NON_LITERAL_NULL_CONVERSION = YES;
				CLANG_WARN_OBJC_IMPLICIT_RETAIN_SELF = YES;
				CLANG_WARN_OBJC_LITERAL_CONVERSION = YES;
				CLANG_WARN_OBJC_ROOT_CLASS = YES_ERROR;
				CLANG_WARN_QUOTED_INCLUDE_IN_FRAMEWORK_HEADER = YES;
				CLANG_WARN_RANGE_LOOP_ANALYSIS = YES;
				CLANG_WARN_STRICT_PROTOTYPES = YES;
				CLANG_WARN_SUSPICIOUS_MOVE = YES;
				CLANG_WARN_UNGUARDED_AVAILABILITY = YES_AGGRESSIVE;
				CLANG_WARN_UNREACHABLE_CODE = YES;
				CLANG_WARN__DUPLICATE_METHOD_MATCH = YES;
				COPY_PHASE_STRIP = NO;
				DEBUG_INFORMATION_FORMAT = dwarf;
				ENABLE_STRICT_OBJC_MSGSEND = YES;
				ENABLE_TESTABILITY = YES;
				ENABLE_USER_SCRIPT_SANDBOXING = YES;
				GCC_C_LANGUAGE_STANDARD = gnu17;
				GCC_DYNAMIC_NO_PIC = NO;
				GCC_NO_COMMON_BLOCKS = YES;
				GCC_OPTIMIZATION_LEVEL = 0;
				GCC_PREPROCESSOR_DEFINITIONS = (
					"DEBUG=1",
					"$(inherited)",
				);
				GCC_WARN_64_TO_32_BIT_CONVERSION = YES;
				GCC_WARN_ABOUT_RETURN_TYPE = YES_ERROR;
				GCC_WARN_UNDECLARED_SELECTOR = YES;
				GCC_WARN_UNINITIALIZED_AUTOS = YES_AGGRESSIVE;
				GCC_WARN_UNUSED_FUNCTION = YES;
				GCC_WARN_UNUSED_VARIABLE = YES;
				IPHONEOS_DEPLOYMENT_TARGET = 17.2;
				LOCALIZATION_PREFERS_STRING_CATALOGS = YES;
				MTL_ENABLE_DEBUG_INFO = INCLUDE_SOURCE;
				MTL_FAST_MATH = YES;
				ONLY_ACTIVE_ARCH = YES;
				SDKROOT = iphoneos;
				SWIFT_ACTIVE_COMPILATION_CONDITIONS = "DEBUG $(inherited)";
				SWIFT_OPTIMIZATION_LEVEL = "-Onone";
			};
			name = Debug;
		};
		9933B6CD2B9E128500CFA3CC /* Release */ = {
			isa = XCBuildConfiguration;
			buildSettings = {
				ALWAYS_SEARCH_USER_PATHS = NO;
				ASSETCATALOG_COMPILER_GENERATE_SWIFT_ASSET_SYMBOL_EXTENSIONS = YES;
				CLANG_ANALYZER_NONNULL = YES;
				CLANG_ANALYZER_NUMBER_OBJECT_CONVERSION = YES_AGGRESSIVE;
				CLANG_CXX_LANGUAGE_STANDARD = "gnu++20";
				CLANG_ENABLE_MODULES = YES;
				CLANG_ENABLE_OBJC_ARC = YES;
				CLANG_ENABLE_OBJC_WEAK = YES;
				CLANG_WARN_BLOCK_CAPTURE_AUTORELEASING = YES;
				CLANG_WARN_BOOL_CONVERSION = YES;
				CLANG_WARN_COMMA = YES;
				CLANG_WARN_CONSTANT_CONVERSION = YES;
				CLANG_WARN_DEPRECATED_OBJC_IMPLEMENTATIONS = YES;
				CLANG_WARN_DIRECT_OBJC_ISA_USAGE = YES_ERROR;
				CLANG_WARN_DOCUMENTATION_COMMENTS = YES;
				CLANG_WARN_EMPTY_BODY = YES;
				CLANG_WARN_ENUM_CONVERSION = YES;
				CLANG_WARN_INFINITE_RECURSION = YES;
				CLANG_WARN_INT_CONVERSION = YES;
				CLANG_WARN_NON_LITERAL_NULL_CONVERSION = YES;
				CLANG_WARN_OBJC_IMPLICIT_RETAIN_SELF = YES;
				CLANG_WARN_OBJC_LITERAL_CONVERSION = YES;
				CLANG_WARN_OBJC_ROOT_CLASS = YES_ERROR;
				CLANG_WARN_QUOTED_INCLUDE_IN_FRAMEWORK_HEADER = YES;
				CLANG_WARN_RANGE_LOOP_ANALYSIS = YES;
				CLANG_WARN_STRICT_PROTOTYPES = YES;
				CLANG_WARN_SUSPICIOUS_MOVE = YES;
				CLANG_WARN_UNGUARDED_AVAILABILITY = YES_AGGRESSIVE;
				CLANG_WARN_UNREACHABLE_CODE = YES;
				CLANG_WARN__DUPLICATE_METHOD_MATCH = YES;
				COPY_PHASE_STRIP = NO;
				DEBUG_INFORMATION_FORMAT = "dwarf-with-dsym";
				ENABLE_NS_ASSERTIONS = NO;
				ENABLE_STRICT_OBJC_MSGSEND = YES;
				ENABLE_USER_SCRIPT_SANDBOXING = YES;
				GCC_C_LANGUAGE_STANDARD = gnu17;
				GCC_NO_COMMON_BLOCKS = YES;
				GCC_WARN_64_TO_32_BIT_CONVERSION = YES;
				GCC_WARN_ABOUT_RETURN_TYPE = YES_ERROR;
				GCC_WARN_UNDECLARED_SELECTOR = YES;
				GCC_WARN_UNINITIALIZED_AUTOS = YES_AGGRESSIVE;
				GCC_WARN_UNUSED_FUNCTION = YES;
				GCC_WARN_UNUSED_VARIABLE = YES;
				IPHONEOS_DEPLOYMENT_TARGET = 17.2;
				LOCALIZATION_PREFERS_STRING_CATALOGS = YES;
				MTL_ENABLE_DEBUG_INFO = NO;
				MTL_FAST_MATH = YES;
				SDKROOT = iphoneos;
				SWIFT_COMPILATION_MODE = wholemodule;
				VALIDATE_PRODUCT = YES;
			};
			name = Release;
		};
		9933B6CF2B9E128500CFA3CC /* Debug */ = {
			isa = XCBuildConfiguration;
			buildSettings = {
				ASSETCATALOG_COMPILER_APPICON_NAME = AppIcon;
				ASSETCATALOG_COMPILER_GLOBAL_ACCENT_COLOR_NAME = AccentColor;
				CODE_SIGN_STYLE = Automatic;
				CURRENT_PROJECT_VERSION = 1;
				DEVELOPMENT_ASSET_PATHS = "\"Game Counter/Preview Content\"";
				DEVELOPMENT_TEAM = 47C966XSTJ;
				ENABLE_HARDENED_RUNTIME = YES;
				ENABLE_PREVIEWS = YES;
				GENERATE_INFOPLIST_FILE = YES;
				INFOPLIST_FILE = "Game-Counter-Info.plist";
				INFOPLIST_KEY_UIApplicationSceneManifest_Generation = YES;
				INFOPLIST_KEY_UIApplicationSupportsIndirectInputEvents = YES;
				INFOPLIST_KEY_UILaunchScreen_Generation = YES;
				INFOPLIST_KEY_UISupportedInterfaceOrientations_iPad = "UIInterfaceOrientationPortrait UIInterfaceOrientationPortraitUpsideDown UIInterfaceOrientationLandscapeLeft UIInterfaceOrientationLandscapeRight";
				INFOPLIST_KEY_UISupportedInterfaceOrientations_iPhone = "UIInterfaceOrientationPortrait UIInterfaceOrientationLandscapeLeft UIInterfaceOrientationLandscapeRight";
				IPHONEOS_DEPLOYMENT_TARGET = 17.2;
				LD_RUNPATH_SEARCH_PATHS = (
					"$(inherited)",
					"@executable_path/Frameworks",
				);
				MARKETING_VERSION = 1.0;
				PRODUCT_BUNDLE_IDENTIFIER = "com.garrett-harris.adam.game-counter-app";
				PRODUCT_NAME = "$(TARGET_NAME)";
				SUPPORTED_PLATFORMS = "iphoneos iphonesimulator";
				SUPPORTS_MACCATALYST = NO;
				SUPPORTS_MAC_DESIGNED_FOR_IPHONE_IPAD = NO;
				SUPPORTS_XR_DESIGNED_FOR_IPHONE_IPAD = NO;
				SWIFT_EMIT_LOC_STRINGS = YES;
				SWIFT_VERSION = 5.0;
				TARGETED_DEVICE_FAMILY = "1,2";
			};
			name = Debug;
		};
		9933B6D02B9E128500CFA3CC /* Release */ = {
			isa = XCBuildConfiguration;
			buildSettings = {
				ASSETCATALOG_COMPILER_APPICON_NAME = AppIcon;
				ASSETCATALOG_COMPILER_GLOBAL_ACCENT_COLOR_NAME = AccentColor;
				CODE_SIGN_STYLE = Automatic;
				CURRENT_PROJECT_VERSION = 1;
				DEVELOPMENT_ASSET_PATHS = "\"Game Counter/Preview Content\"";
				DEVELOPMENT_TEAM = 47C966XSTJ;
				ENABLE_HARDENED_RUNTIME = YES;
				ENABLE_PREVIEWS = YES;
				GENERATE_INFOPLIST_FILE = YES;
				INFOPLIST_FILE = "Game-Counter-Info.plist";
				INFOPLIST_KEY_UIApplicationSceneManifest_Generation = YES;
				INFOPLIST_KEY_UIApplicationSupportsIndirectInputEvents = YES;
				INFOPLIST_KEY_UILaunchScreen_Generation = YES;
				INFOPLIST_KEY_UISupportedInterfaceOrientations_iPad = "UIInterfaceOrientationPortrait UIInterfaceOrientationPortraitUpsideDown UIInterfaceOrientationLandscapeLeft UIInterfaceOrientationLandscapeRight";
				INFOPLIST_KEY_UISupportedInterfaceOrientations_iPhone = "UIInterfaceOrientationPortrait UIInterfaceOrientationLandscapeLeft UIInterfaceOrientationLandscapeRight";
				IPHONEOS_DEPLOYMENT_TARGET = 17.2;
				LD_RUNPATH_SEARCH_PATHS = (
					"$(inherited)",
					"@executable_path/Frameworks",
				);
				MARKETING_VERSION = 1.0;
				PRODUCT_BUNDLE_IDENTIFIER = "com.garrett-harris.adam.game-counter-app";
				PRODUCT_NAME = "$(TARGET_NAME)";
				SUPPORTED_PLATFORMS = "iphoneos iphonesimulator";
				SUPPORTS_MACCATALYST = NO;
				SUPPORTS_MAC_DESIGNED_FOR_IPHONE_IPAD = NO;
				SUPPORTS_XR_DESIGNED_FOR_IPHONE_IPAD = NO;
				SWIFT_EMIT_LOC_STRINGS = YES;
				SWIFT_VERSION = 5.0;
				TARGETED_DEVICE_FAMILY = "1,2";
			};
			name = Release;
		};
		9933B6D22B9E128500CFA3CC /* Debug */ = {
			isa = XCBuildConfiguration;
			buildSettings = {
				ALWAYS_EMBED_SWIFT_STANDARD_LIBRARIES = YES;
				BUNDLE_LOADER = "$(TEST_HOST)";
				CODE_SIGN_STYLE = Automatic;
				CURRENT_PROJECT_VERSION = 1;
				DEVELOPMENT_TEAM = 47C966XSTJ;
				GENERATE_INFOPLIST_FILE = YES;
				IPHONEOS_DEPLOYMENT_TARGET = 17.2;
				MARKETING_VERSION = 1.0;
				PRODUCT_BUNDLE_IDENTIFIER = "com.garrett-harris.adam.Game-CounterTests";
				PRODUCT_NAME = "$(TARGET_NAME)";
				SWIFT_EMIT_LOC_STRINGS = NO;
				SWIFT_VERSION = 5.0;
				TARGETED_DEVICE_FAMILY = "1,2";
				TEST_HOST = "$(BUILT_PRODUCTS_DIR)/Game Counter.app/$(BUNDLE_EXECUTABLE_FOLDER_PATH)/Game Counter";
			};
			name = Debug;
		};
		9933B6D32B9E128500CFA3CC /* Release */ = {
			isa = XCBuildConfiguration;
			buildSettings = {
				ALWAYS_EMBED_SWIFT_STANDARD_LIBRARIES = YES;
				BUNDLE_LOADER = "$(TEST_HOST)";
				CODE_SIGN_STYLE = Automatic;
				CURRENT_PROJECT_VERSION = 1;
				DEVELOPMENT_TEAM = 47C966XSTJ;
				GENERATE_INFOPLIST_FILE = YES;
				IPHONEOS_DEPLOYMENT_TARGET = 17.2;
				MARKETING_VERSION = 1.0;
				PRODUCT_BUNDLE_IDENTIFIER = "com.garrett-harris.adam.Game-CounterTests";
				PRODUCT_NAME = "$(TARGET_NAME)";
				SWIFT_EMIT_LOC_STRINGS = NO;
				SWIFT_VERSION = 5.0;
				TARGETED_DEVICE_FAMILY = "1,2";
				TEST_HOST = "$(BUILT_PRODUCTS_DIR)/Game Counter.app/$(BUNDLE_EXECUTABLE_FOLDER_PATH)/Game Counter";
			};
			name = Release;
		};
		9933B6D52B9E128500CFA3CC /* Debug */ = {
			isa = XCBuildConfiguration;
			buildSettings = {
				ALWAYS_EMBED_SWIFT_STANDARD_LIBRARIES = YES;
				CODE_SIGN_STYLE = Automatic;
				CURRENT_PROJECT_VERSION = 1;
				DEVELOPMENT_TEAM = 47C966XSTJ;
				GENERATE_INFOPLIST_FILE = YES;
				MARKETING_VERSION = 1.0;
				PRODUCT_BUNDLE_IDENTIFIER = "com.garrett-harris.adam.Game-CounterUITests";
				PRODUCT_NAME = "$(TARGET_NAME)";
				SWIFT_EMIT_LOC_STRINGS = NO;
				SWIFT_VERSION = 5.0;
				TARGETED_DEVICE_FAMILY = "1,2";
				TEST_TARGET_NAME = "Game Counter";
			};
			name = Debug;
		};
		9933B6D62B9E128500CFA3CC /* Release */ = {
			isa = XCBuildConfiguration;
			buildSettings = {
				ALWAYS_EMBED_SWIFT_STANDARD_LIBRARIES = YES;
				CODE_SIGN_STYLE = Automatic;
				CURRENT_PROJECT_VERSION = 1;
				DEVELOPMENT_TEAM = 47C966XSTJ;
				GENERATE_INFOPLIST_FILE = YES;
				MARKETING_VERSION = 1.0;
				PRODUCT_BUNDLE_IDENTIFIER = "com.garrett-harris.adam.Game-CounterUITests";
				PRODUCT_NAME = "$(TARGET_NAME)";
				SWIFT_EMIT_LOC_STRINGS = NO;
				SWIFT_VERSION = 5.0;
				TARGETED_DEVICE_FAMILY = "1,2";
				TEST_TARGET_NAME = "Game Counter";
			};
			name = Release;
		};
/* End XCBuildConfiguration section */

/* Begin XCConfigurationList section */
		9933B6A52B9E128200CFA3CC /* Build configuration list for PBXProject "Game Counter" */ = {
			isa = XCConfigurationList;
			buildConfigurations = (
				9933B6CC2B9E128500CFA3CC /* Debug */,
				9933B6CD2B9E128500CFA3CC /* Release */,
			);
			defaultConfigurationIsVisible = 0;
			defaultConfigurationName = Release;
		};
		9933B6CE2B9E128500CFA3CC /* Build configuration list for PBXNativeTarget "Game Counter" */ = {
			isa = XCConfigurationList;
			buildConfigurations = (
				9933B6CF2B9E128500CFA3CC /* Debug */,
				9933B6D02B9E128500CFA3CC /* Release */,
			);
			defaultConfigurationIsVisible = 0;
			defaultConfigurationName = Release;
		};
		9933B6D12B9E128500CFA3CC /* Build configuration list for PBXNativeTarget "Game CounterTests" */ = {
			isa = XCConfigurationList;
			buildConfigurations = (
				9933B6D22B9E128500CFA3CC /* Debug */,
				9933B6D32B9E128500CFA3CC /* Release */,
			);
			defaultConfigurationIsVisible = 0;
			defaultConfigurationName = Release;
		};
		9933B6D42B9E128500CFA3CC /* Build configuration list for PBXNativeTarget "Game CounterUITests" */ = {
			isa = XCConfigurationList;
			buildConfigurations = (
				9933B6D52B9E128500CFA3CC /* Debug */,
				9933B6D62B9E128500CFA3CC /* Release */,
			);
			defaultConfigurationIsVisible = 0;
			defaultConfigurationName = Release;
		};
/* End XCConfigurationList section */

/* Begin XCRemoteSwiftPackageReference section */
		99DFD06F2B9E2A530032AC0B /* XCRemoteSwiftPackageReference "swift-composable-architecture" */ = {
			isa = XCRemoteSwiftPackageReference;
			repositoryURL = "https://github.com/pointfreeco/swift-composable-architecture.git";
			requirement = {
				branch = "shared-state-beta";
				kind = branch;
			};
		};
/* End XCRemoteSwiftPackageReference section */

/* Begin XCSwiftPackageProductDependency section */
		99DFD0712B9E351E0032AC0B /* ComposableArchitecture */ = {
			isa = XCSwiftPackageProductDependency;
			package = 99DFD06F2B9E2A530032AC0B /* XCRemoteSwiftPackageReference "swift-composable-architecture" */;
			productName = ComposableArchitecture;
		};
/* End XCSwiftPackageProductDependency section */
	};
	rootObject = 9933B6A22B9E128200CFA3CC /* Project object */;
}
