// !$*UTF8*$!
{
	archiveVersion = 1;
	classes = {
	};
	objectVersion = 56;
	objects = {

/* Begin PBXBuildFile section */
		99016ECB2BA22D3900B7D289 /* GameCounterApp.swift in Sources */ = {isa = PBXBuildFile; fileRef = 99016ECA2BA22D3900B7D289 /* GameCounterApp.swift */; };
		99016ECD2BA22D5200B7D289 /* GradientBackgroundView.swift in Sources */ = {isa = PBXBuildFile; fileRef = 99016ECC2BA22D5200B7D289 /* GradientBackgroundView.swift */; };
		99016ECE2BA36DE800B7D289 /* AddPointsIntent.swift in Sources */ = {isa = PBXBuildFile; fileRef = 9979B4842BA111B600FC2D9B /* AddPointsIntent.swift */; };
		99016ECF2BA36DE900B7D289 /* AddPointsIntent.swift in Sources */ = {isa = PBXBuildFile; fileRef = 9979B4842BA111B600FC2D9B /* AddPointsIntent.swift */; };
		99016ED42BA371A100B7D289 /* AppIntent.swift in Sources */ = {isa = PBXBuildFile; fileRef = 9979B4642BA10B1100FC2D9B /* AppIntent.swift */; };
		9933B6B02B9E128200CFA3CC /* ContentView.swift in Sources */ = {isa = PBXBuildFile; fileRef = 9933B6AF2B9E128200CFA3CC /* ContentView.swift */; };
		9933B6B22B9E128500CFA3CC /* Assets.xcassets in Resources */ = {isa = PBXBuildFile; fileRef = 9933B6B12B9E128500CFA3CC /* Assets.xcassets */; };
		9933B6B52B9E128500CFA3CC /* Preview Assets.xcassets in Resources */ = {isa = PBXBuildFile; fileRef = 9933B6B42B9E128500CFA3CC /* Preview Assets.xcassets */; };
		9933B6BF2B9E128500CFA3CC /* GameCounterTests.swift in Sources */ = {isa = PBXBuildFile; fileRef = 9933B6BE2B9E128500CFA3CC /* GameCounterTests.swift */; };
		9933B6C92B9E128500CFA3CC /* GameCounterUITests.swift in Sources */ = {isa = PBXBuildFile; fileRef = 9933B6C82B9E128500CFA3CC /* GameCounterUITests.swift */; };
		9933B6CB2B9E128500CFA3CC /* GameCounterUITestsLaunchTests.swift in Sources */ = {isa = PBXBuildFile; fileRef = 9933B6CA2B9E128500CFA3CC /* GameCounterUITestsLaunchTests.swift */; };
		9973B1C32BA4DCA200B63BAC /* CounterFeature in Frameworks */ = {isa = PBXBuildFile; productRef = 9973B1C22BA4DCA200B63BAC /* CounterFeature */; };
		9979B45C2BA10B1100FC2D9B /* WidgetKit.framework in Frameworks */ = {isa = PBXBuildFile; fileRef = 9979B45B2BA10B1000FC2D9B /* WidgetKit.framework */; };
		9979B45E2BA10B1100FC2D9B /* SwiftUI.framework in Frameworks */ = {isa = PBXBuildFile; fileRef = 9979B45D2BA10B1100FC2D9B /* SwiftUI.framework */; };
		9979B4612BA10B1100FC2D9B /* GameCounterWidgetBundle.swift in Sources */ = {isa = PBXBuildFile; fileRef = 9979B4602BA10B1100FC2D9B /* GameCounterWidgetBundle.swift */; };
		9979B4632BA10B1100FC2D9B /* SinglePlayerWidget.swift in Sources */ = {isa = PBXBuildFile; fileRef = 9979B4622BA10B1100FC2D9B /* SinglePlayerWidget.swift */; };
		9979B4652BA10B1100FC2D9B /* AppIntent.swift in Sources */ = {isa = PBXBuildFile; fileRef = 9979B4642BA10B1100FC2D9B /* AppIntent.swift */; };
		9979B4672BA10B1200FC2D9B /* Assets.xcassets in Resources */ = {isa = PBXBuildFile; fileRef = 9979B4662BA10B1200FC2D9B /* Assets.xcassets */; };
		99AF206E2BA4D7E600E3099D /* PrivacyInfo.xcprivacy in Resources */ = {isa = PBXBuildFile; fileRef = 99AF206D2BA4D7E600E3099D /* PrivacyInfo.xcprivacy */; };
		99B95CF62BA376C2003F72F3 /* ComposableArchitecture in Frameworks */ = {isa = PBXBuildFile; productRef = 99B95CF52BA376C2003F72F3 /* ComposableArchitecture */; };
		99CBDBEB2BA4E3930008954E /* GameCounterWidgetExtension.appex in Embed Foundation Extensions */ = {isa = PBXBuildFile; fileRef = 9979B45A2BA10B1000FC2D9B /* GameCounterWidgetExtension.appex */; settings = {ATTRIBUTES = (RemoveHeadersOnCopy, ); }; };
		99CBDBF02BA4ED230008954E /* SettingsFeature in Frameworks */ = {isa = PBXBuildFile; productRef = 99CBDBEF2BA4ED230008954E /* SettingsFeature */; };
		99DFD07A2B9E6A1B0032AC0B /* Bitter-Regular.ttf in Resources */ = {isa = PBXBuildFile; fileRef = 99DFD0792B9E68EE0032AC0B /* Bitter-Regular.ttf */; };
/* End PBXBuildFile section */

/* Begin PBXContainerItemProxy section */
		9933B6BB2B9E128500CFA3CC /* PBXContainerItemProxy */ = {
			isa = PBXContainerItemProxy;
			containerPortal = 9933B6A22B9E128200CFA3CC /* Project object */;
			proxyType = 1;
			remoteGlobalIDString = 9933B6A92B9E128200CFA3CC;
			remoteInfo = "Game Counter";
		};
		9933B6C52B9E128500CFA3CC /* PBXContainerItemProxy */ = {
			isa = PBXContainerItemProxy;
			containerPortal = 9933B6A22B9E128200CFA3CC /* Project object */;
			proxyType = 1;
			remoteGlobalIDString = 9933B6A92B9E128200CFA3CC;
			remoteInfo = "Game Counter";
		};
		99CBDBEC2BA4E3930008954E /* PBXContainerItemProxy */ = {
			isa = PBXContainerItemProxy;
			containerPortal = 9933B6A22B9E128200CFA3CC /* Project object */;
			proxyType = 1;
			remoteGlobalIDString = 9979B4592BA10B1000FC2D9B;
			remoteInfo = GameCounterWidgetExtension;
		};
/* End PBXContainerItemProxy section */

/* Begin PBXCopyFilesBuildPhase section */
		9979B4832BA1111400FC2D9B /* Embed ExtensionKit Extensions */ = {
			isa = PBXCopyFilesBuildPhase;
			buildActionMask = 2147483647;
			dstPath = "$(EXTENSIONS_FOLDER_PATH)";
			dstSubfolderSpec = 16;
			files = (
			);
			name = "Embed ExtensionKit Extensions";
			runOnlyForDeploymentPostprocessing = 0;
		};
		99CBDBEE2BA4E3940008954E /* Embed Foundation Extensions */ = {
			isa = PBXCopyFilesBuildPhase;
			buildActionMask = 2147483647;
			dstPath = "";
			dstSubfolderSpec = 13;
			files = (
				99CBDBEB2BA4E3930008954E /* GameCounterWidgetExtension.appex in Embed Foundation Extensions */,
			);
			name = "Embed Foundation Extensions";
			runOnlyForDeploymentPostprocessing = 0;
		};
/* End PBXCopyFilesBuildPhase section */

/* Begin PBXFileReference section */
		99016ECA2BA22D3900B7D289 /* GameCounterApp.swift */ = {isa = PBXFileReference; lastKnownFileType = sourcecode.swift; path = GameCounterApp.swift; sourceTree = "<group>"; };
		99016ECC2BA22D5200B7D289 /* GradientBackgroundView.swift */ = {isa = PBXFileReference; lastKnownFileType = sourcecode.swift; path = GradientBackgroundView.swift; sourceTree = "<group>"; };
		9933B6AA2B9E128200CFA3CC /* GameCounter.app */ = {isa = PBXFileReference; explicitFileType = wrapper.application; includeInIndex = 0; path = GameCounter.app; sourceTree = BUILT_PRODUCTS_DIR; };
		9933B6AF2B9E128200CFA3CC /* ContentView.swift */ = {isa = PBXFileReference; lastKnownFileType = sourcecode.swift; path = ContentView.swift; sourceTree = "<group>"; };
		9933B6B12B9E128500CFA3CC /* Assets.xcassets */ = {isa = PBXFileReference; lastKnownFileType = folder.assetcatalog; path = Assets.xcassets; sourceTree = "<group>"; };
		9933B6B42B9E128500CFA3CC /* Preview Assets.xcassets */ = {isa = PBXFileReference; lastKnownFileType = folder.assetcatalog; path = "Preview Assets.xcassets"; sourceTree = "<group>"; };
		9933B6BA2B9E128500CFA3CC /* GameCounterTests.xctest */ = {isa = PBXFileReference; explicitFileType = wrapper.cfbundle; includeInIndex = 0; path = GameCounterTests.xctest; sourceTree = BUILT_PRODUCTS_DIR; };
		9933B6BE2B9E128500CFA3CC /* GameCounterTests.swift */ = {isa = PBXFileReference; lastKnownFileType = sourcecode.swift; path = GameCounterTests.swift; sourceTree = "<group>"; };
		9933B6C42B9E128500CFA3CC /* GameCounterUITests.xctest */ = {isa = PBXFileReference; explicitFileType = wrapper.cfbundle; includeInIndex = 0; path = GameCounterUITests.xctest; sourceTree = BUILT_PRODUCTS_DIR; };
		9933B6C82B9E128500CFA3CC /* GameCounterUITests.swift */ = {isa = PBXFileReference; lastKnownFileType = sourcecode.swift; path = GameCounterUITests.swift; sourceTree = "<group>"; };
		9933B6CA2B9E128500CFA3CC /* GameCounterUITestsLaunchTests.swift */ = {isa = PBXFileReference; lastKnownFileType = sourcecode.swift; path = GameCounterUITestsLaunchTests.swift; sourceTree = "<group>"; };
		9973B1C12BA4DB0900B63BAC /* Modules */ = {isa = PBXFileReference; lastKnownFileType = wrapper; path = Modules; sourceTree = "<group>"; };
		9979B45A2BA10B1000FC2D9B /* GameCounterWidgetExtension.appex */ = {isa = PBXFileReference; explicitFileType = "wrapper.app-extension"; includeInIndex = 0; path = GameCounterWidgetExtension.appex; sourceTree = BUILT_PRODUCTS_DIR; };
		9979B45B2BA10B1000FC2D9B /* WidgetKit.framework */ = {isa = PBXFileReference; lastKnownFileType = wrapper.framework; name = WidgetKit.framework; path = System/Library/Frameworks/WidgetKit.framework; sourceTree = SDKROOT; };
		9979B45D2BA10B1100FC2D9B /* SwiftUI.framework */ = {isa = PBXFileReference; lastKnownFileType = wrapper.framework; name = SwiftUI.framework; path = System/Library/Frameworks/SwiftUI.framework; sourceTree = SDKROOT; };
		9979B4602BA10B1100FC2D9B /* GameCounterWidgetBundle.swift */ = {isa = PBXFileReference; lastKnownFileType = sourcecode.swift; path = GameCounterWidgetBundle.swift; sourceTree = "<group>"; };
		9979B4622BA10B1100FC2D9B /* SinglePlayerWidget.swift */ = {isa = PBXFileReference; lastKnownFileType = sourcecode.swift; path = SinglePlayerWidget.swift; sourceTree = "<group>"; };
		9979B4642BA10B1100FC2D9B /* AppIntent.swift */ = {isa = PBXFileReference; lastKnownFileType = sourcecode.swift; path = AppIntent.swift; sourceTree = "<group>"; };
		9979B4662BA10B1200FC2D9B /* Assets.xcassets */ = {isa = PBXFileReference; lastKnownFileType = folder.assetcatalog; path = Assets.xcassets; sourceTree = "<group>"; };
		9979B4682BA10B1200FC2D9B /* Info.plist */ = {isa = PBXFileReference; lastKnownFileType = text.plist.xml; path = Info.plist; sourceTree = "<group>"; };
		9979B4702BA10D0200FC2D9B /* GameCounterWidgetExtension.entitlements */ = {isa = PBXFileReference; lastKnownFileType = text.plist.entitlements; path = GameCounterWidgetExtension.entitlements; sourceTree = "<group>"; };
		9979B4712BA10D3900FC2D9B /* GameCounter.entitlements */ = {isa = PBXFileReference; lastKnownFileType = text.plist.entitlements; path = GameCounter.entitlements; sourceTree = "<group>"; };
		9979B4842BA111B600FC2D9B /* AddPointsIntent.swift */ = {isa = PBXFileReference; lastKnownFileType = sourcecode.swift; path = AddPointsIntent.swift; sourceTree = "<group>"; };
		99AF206D2BA4D7E600E3099D /* PrivacyInfo.xcprivacy */ = {isa = PBXFileReference; lastKnownFileType = text.xml; path = PrivacyInfo.xcprivacy; sourceTree = "<group>"; };
		99DFD0782B9E673E0032AC0B /* GameCounter-Info.plist */ = {isa = PBXFileReference; lastKnownFileType = text.plist.xml; path = "GameCounter-Info.plist"; sourceTree = SOURCE_ROOT; };
		99DFD0792B9E68EE0032AC0B /* Bitter-Regular.ttf */ = {isa = PBXFileReference; lastKnownFileType = file; path = "Bitter-Regular.ttf"; sourceTree = "<group>"; };
/* End PBXFileReference section */

/* Begin PBXFrameworksBuildPhase section */
		9933B6A72B9E128200CFA3CC /* Frameworks */ = {
			isa = PBXFrameworksBuildPhase;
			buildActionMask = 2147483647;
			files = (
				9973B1C32BA4DCA200B63BAC /* CounterFeature in Frameworks */,
				99CBDBF02BA4ED230008954E /* SettingsFeature in Frameworks */,
				99B95CF62BA376C2003F72F3 /* ComposableArchitecture in Frameworks */,
			);
			runOnlyForDeploymentPostprocessing = 0;
		};
		9933B6B72B9E128500CFA3CC /* Frameworks */ = {
			isa = PBXFrameworksBuildPhase;
			buildActionMask = 2147483647;
			files = (
			);
			runOnlyForDeploymentPostprocessing = 0;
		};
		9933B6C12B9E128500CFA3CC /* Frameworks */ = {
			isa = PBXFrameworksBuildPhase;
			buildActionMask = 2147483647;
			files = (
			);
			runOnlyForDeploymentPostprocessing = 0;
		};
		9979B4572BA10B1000FC2D9B /* Frameworks */ = {
			isa = PBXFrameworksBuildPhase;
			buildActionMask = 2147483647;
			files = (
				9979B45E2BA10B1100FC2D9B /* SwiftUI.framework in Frameworks */,
				9979B45C2BA10B1100FC2D9B /* WidgetKit.framework in Frameworks */,
			);
			runOnlyForDeploymentPostprocessing = 0;
		};
/* End PBXFrameworksBuildPhase section */

/* Begin PBXGroup section */
		9933B6A12B9E128200CFA3CC = {
			isa = PBXGroup;
			children = (
				9973B1C12BA4DB0900B63BAC /* Modules */,
				9933B6AC2B9E128200CFA3CC /* GameCounter */,
				9933B6BD2B9E128500CFA3CC /* GameCounterTests */,
				9933B6C72B9E128500CFA3CC /* GameCounterUITests */,
				9979B45F2BA10B1100FC2D9B /* GameCounterWidget */,
				9933B6AB2B9E128200CFA3CC /* Products */,
				99DFD0702B9E351E0032AC0B /* Frameworks */,
			);
			sourceTree = "<group>";
		};
		9933B6AB2B9E128200CFA3CC /* Products */ = {
			isa = PBXGroup;
			children = (
				9933B6AA2B9E128200CFA3CC /* GameCounter.app */,
				9933B6BA2B9E128500CFA3CC /* GameCounterTests.xctest */,
				9933B6C42B9E128500CFA3CC /* GameCounterUITests.xctest */,
				9979B45A2BA10B1000FC2D9B /* GameCounterWidgetExtension.appex */,
			);
			name = Products;
			sourceTree = "<group>";
		};
		9933B6AC2B9E128200CFA3CC /* GameCounter */ = {
			isa = PBXGroup;
			children = (
				9979B4712BA10D3900FC2D9B /* GameCounter.entitlements */,
				99DFD0782B9E673E0032AC0B /* GameCounter-Info.plist */,
				99DFD0792B9E68EE0032AC0B /* Bitter-Regular.ttf */,
				9933B6AF2B9E128200CFA3CC /* ContentView.swift */,
				9933B6B12B9E128500CFA3CC /* Assets.xcassets */,
				9933B6B32B9E128500CFA3CC /* Preview Content */,
				9979B4842BA111B600FC2D9B /* AddPointsIntent.swift */,
				99016ECA2BA22D3900B7D289 /* GameCounterApp.swift */,
				99016ECC2BA22D5200B7D289 /* GradientBackgroundView.swift */,
				99AF206D2BA4D7E600E3099D /* PrivacyInfo.xcprivacy */,
			);
			path = GameCounter;
			sourceTree = "<group>";
		};
		9933B6B32B9E128500CFA3CC /* Preview Content */ = {
			isa = PBXGroup;
			children = (
				9933B6B42B9E128500CFA3CC /* Preview Assets.xcassets */,
			);
			path = "Preview Content";
			sourceTree = "<group>";
		};
		9933B6BD2B9E128500CFA3CC /* GameCounterTests */ = {
			isa = PBXGroup;
			children = (
				9933B6BE2B9E128500CFA3CC /* GameCounterTests.swift */,
			);
			path = GameCounterTests;
			sourceTree = "<group>";
		};
		9933B6C72B9E128500CFA3CC /* GameCounterUITests */ = {
			isa = PBXGroup;
			children = (
				9933B6C82B9E128500CFA3CC /* GameCounterUITests.swift */,
				9933B6CA2B9E128500CFA3CC /* GameCounterUITestsLaunchTests.swift */,
			);
			path = GameCounterUITests;
			sourceTree = "<group>";
		};
		9979B45F2BA10B1100FC2D9B /* GameCounterWidget */ = {
			isa = PBXGroup;
			children = (
				9979B4702BA10D0200FC2D9B /* GameCounterWidgetExtension.entitlements */,
				9979B4602BA10B1100FC2D9B /* GameCounterWidgetBundle.swift */,
				9979B4622BA10B1100FC2D9B /* SinglePlayerWidget.swift */,
				9979B4642BA10B1100FC2D9B /* AppIntent.swift */,
				9979B4662BA10B1200FC2D9B /* Assets.xcassets */,
				9979B4682BA10B1200FC2D9B /* Info.plist */,
			);
			path = GameCounterWidget;
			sourceTree = "<group>";
		};
		99DFD0702B9E351E0032AC0B /* Frameworks */ = {
			isa = PBXGroup;
			children = (
				9979B45B2BA10B1000FC2D9B /* WidgetKit.framework */,
				9979B45D2BA10B1100FC2D9B /* SwiftUI.framework */,
			);
			name = Frameworks;
			sourceTree = "<group>";
		};
/* End PBXGroup section */

/* Begin PBXNativeTarget section */
		9933B6A92B9E128200CFA3CC /* GameCounter */ = {
			isa = PBXNativeTarget;
			buildConfigurationList = 9933B6CE2B9E128500CFA3CC /* Build configuration list for PBXNativeTarget "GameCounter" */;
			buildPhases = (
				9933B6A62B9E128200CFA3CC /* Sources */,
				9933B6A72B9E128200CFA3CC /* Frameworks */,
				9933B6A82B9E128200CFA3CC /* Resources */,
				9979B4832BA1111400FC2D9B /* Embed ExtensionKit Extensions */,
				99CBDBEE2BA4E3940008954E /* Embed Foundation Extensions */,
			);
			buildRules = (
			);
			dependencies = (
				99CBDBED2BA4E3930008954E /* PBXTargetDependency */,
			);
			name = GameCounter;
			packageProductDependencies = (
				99B95CF52BA376C2003F72F3 /* ComposableArchitecture */,
				9973B1C22BA4DCA200B63BAC /* CounterFeature */,
				99CBDBEF2BA4ED230008954E /* SettingsFeature */,
			);
			productName = "Game Counter";
			productReference = 9933B6AA2B9E128200CFA3CC /* GameCounter.app */;
			productType = "com.apple.product-type.application";
		};
		9933B6B92B9E128500CFA3CC /* GameCounterTests */ = {
			isa = PBXNativeTarget;
			buildConfigurationList = 9933B6D12B9E128500CFA3CC /* Build configuration list for PBXNativeTarget "GameCounterTests" */;
			buildPhases = (
				9933B6B62B9E128500CFA3CC /* Sources */,
				9933B6B72B9E128500CFA3CC /* Frameworks */,
				9933B6B82B9E128500CFA3CC /* Resources */,
			);
			buildRules = (
			);
			dependencies = (
				9933B6BC2B9E128500CFA3CC /* PBXTargetDependency */,
			);
			name = GameCounterTests;
			productName = "Game CounterTests";
			productReference = 9933B6BA2B9E128500CFA3CC /* GameCounterTests.xctest */;
			productType = "com.apple.product-type.bundle.unit-test";
		};
		9933B6C32B9E128500CFA3CC /* GameCounterUITests */ = {
			isa = PBXNativeTarget;
			buildConfigurationList = 9933B6D42B9E128500CFA3CC /* Build configuration list for PBXNativeTarget "GameCounterUITests" */;
			buildPhases = (
				9933B6C02B9E128500CFA3CC /* Sources */,
				9933B6C12B9E128500CFA3CC /* Frameworks */,
				9933B6C22B9E128500CFA3CC /* Resources */,
			);
			buildRules = (
			);
			dependencies = (
				9933B6C62B9E128500CFA3CC /* PBXTargetDependency */,
			);
			name = GameCounterUITests;
			productName = "Game CounterUITests";
			productReference = 9933B6C42B9E128500CFA3CC /* GameCounterUITests.xctest */;
			productType = "com.apple.product-type.bundle.ui-testing";
		};
		9979B4592BA10B1000FC2D9B /* GameCounterWidgetExtension */ = {
			isa = PBXNativeTarget;
			buildConfigurationList = 9979B46F2BA10B1200FC2D9B /* Build configuration list for PBXNativeTarget "GameCounterWidgetExtension" */;
			buildPhases = (
				9979B4562BA10B1000FC2D9B /* Sources */,
				9979B4572BA10B1000FC2D9B /* Frameworks */,
				9979B4582BA10B1000FC2D9B /* Resources */,
			);
			buildRules = (
			);
			dependencies = (
			);
			name = GameCounterWidgetExtension;
			productName = "Game Counter WidgetExtension";
			productReference = 9979B45A2BA10B1000FC2D9B /* GameCounterWidgetExtension.appex */;
			productType = "com.apple.product-type.app-extension";
		};
/* End PBXNativeTarget section */

/* Begin PBXProject section */
		9933B6A22B9E128200CFA3CC /* Project object */ = {
			isa = PBXProject;
			attributes = {
				BuildIndependentTargetsInParallel = 1;
				LastSwiftUpdateCheck = 1530;
				LastUpgradeCheck = 1520;
				TargetAttributes = {
					9933B6A92B9E128200CFA3CC = {
						CreatedOnToolsVersion = 15.2;
					};
					9933B6B92B9E128500CFA3CC = {
						CreatedOnToolsVersion = 15.2;
						TestTargetID = 9933B6A92B9E128200CFA3CC;
					};
					9933B6C32B9E128500CFA3CC = {
						CreatedOnToolsVersion = 15.2;
						TestTargetID = 9933B6A92B9E128200CFA3CC;
					};
					9979B4592BA10B1000FC2D9B = {
						CreatedOnToolsVersion = 15.3;
					};
				};
			};
			buildConfigurationList = 9933B6A52B9E128200CFA3CC /* Build configuration list for PBXProject "GameCounter" */;
			compatibilityVersion = "Xcode 14.0";
			developmentRegion = en;
			hasScannedForEncodings = 0;
			knownRegions = (
				en,
				Base,
			);
			mainGroup = 9933B6A12B9E128200CFA3CC;
			packageReferences = (
				99DFD06F2B9E2A530032AC0B /* XCRemoteSwiftPackageReference "swift-composable-architecture" */,
			);
			productRefGroup = 9933B6AB2B9E128200CFA3CC /* Products */;
			projectDirPath = "";
			projectRoot = "";
			targets = (
				9933B6A92B9E128200CFA3CC /* GameCounter */,
				9933B6B92B9E128500CFA3CC /* GameCounterTests */,
				9933B6C32B9E128500CFA3CC /* GameCounterUITests */,
				9979B4592BA10B1000FC2D9B /* GameCounterWidgetExtension */,
			);
		};
/* End PBXProject section */

/* Begin PBXResourcesBuildPhase section */
		9933B6A82B9E128200CFA3CC /* Resources */ = {
			isa = PBXResourcesBuildPhase;
			buildActionMask = 2147483647;
			files = (
				99DFD07A2B9E6A1B0032AC0B /* Bitter-Regular.ttf in Resources */,
				9933B6B52B9E128500CFA3CC /* Preview Assets.xcassets in Resources */,
				99AF206E2BA4D7E600E3099D /* PrivacyInfo.xcprivacy in Resources */,
				9933B6B22B9E128500CFA3CC /* Assets.xcassets in Resources */,
			);
			runOnlyForDeploymentPostprocessing = 0;
		};
		9933B6B82B9E128500CFA3CC /* Resources */ = {
			isa = PBXResourcesBuildPhase;
			buildActionMask = 2147483647;
			files = (
			);
			runOnlyForDeploymentPostprocessing = 0;
		};
		9933B6C22B9E128500CFA3CC /* Resources */ = {
			isa = PBXResourcesBuildPhase;
			buildActionMask = 2147483647;
			files = (
			);
			runOnlyForDeploymentPostprocessing = 0;
		};
		9979B4582BA10B1000FC2D9B /* Resources */ = {
			isa = PBXResourcesBuildPhase;
			buildActionMask = 2147483647;
			files = (
				9979B4672BA10B1200FC2D9B /* Assets.xcassets in Resources */,
			);
			runOnlyForDeploymentPostprocessing = 0;
		};
/* End PBXResourcesBuildPhase section */

/* Begin PBXSourcesBuildPhase section */
		9933B6A62B9E128200CFA3CC /* Sources */ = {
			isa = PBXSourcesBuildPhase;
			buildActionMask = 2147483647;
			files = (
				99016ECD2BA22D5200B7D289 /* GradientBackgroundView.swift in Sources */,
				99016ECE2BA36DE800B7D289 /* AddPointsIntent.swift in Sources */,
				9933B6B02B9E128200CFA3CC /* ContentView.swift in Sources */,
				99016ED42BA371A100B7D289 /* AppIntent.swift in Sources */,
				99016ECB2BA22D3900B7D289 /* GameCounterApp.swift in Sources */,
			);
			runOnlyForDeploymentPostprocessing = 0;
		};
		9933B6B62B9E128500CFA3CC /* Sources */ = {
			isa = PBXSourcesBuildPhase;
			buildActionMask = 2147483647;
			files = (
				9933B6BF2B9E128500CFA3CC /* GameCounterTests.swift in Sources */,
			);
			runOnlyForDeploymentPostprocessing = 0;
		};
		9933B6C02B9E128500CFA3CC /* Sources */ = {
			isa = PBXSourcesBuildPhase;
			buildActionMask = 2147483647;
			files = (
				9933B6C92B9E128500CFA3CC /* GameCounterUITests.swift in Sources */,
				9933B6CB2B9E128500CFA3CC /* GameCounterUITestsLaunchTests.swift in Sources */,
			);
			runOnlyForDeploymentPostprocessing = 0;
		};
		9979B4562BA10B1000FC2D9B /* Sources */ = {
			isa = PBXSourcesBuildPhase;
			buildActionMask = 2147483647;
			files = (
				99016ECF2BA36DE900B7D289 /* AddPointsIntent.swift in Sources */,
				9979B4632BA10B1100FC2D9B /* SinglePlayerWidget.swift in Sources */,
				9979B4612BA10B1100FC2D9B /* GameCounterWidgetBundle.swift in Sources */,
				9979B4652BA10B1100FC2D9B /* AppIntent.swift in Sources */,
			);
			runOnlyForDeploymentPostprocessing = 0;
		};
/* End PBXSourcesBuildPhase section */

/* Begin PBXTargetDependency section */
		9933B6BC2B9E128500CFA3CC /* PBXTargetDependency */ = {
			isa = PBXTargetDependency;
			target = 9933B6A92B9E128200CFA3CC /* GameCounter */;
			targetProxy = 9933B6BB2B9E128500CFA3CC /* PBXContainerItemProxy */;
		};
		9933B6C62B9E128500CFA3CC /* PBXTargetDependency */ = {
			isa = PBXTargetDependency;
			target = 9933B6A92B9E128200CFA3CC /* GameCounter */;
			targetProxy = 9933B6C52B9E128500CFA3CC /* PBXContainerItemProxy */;
		};
		99CBDBED2BA4E3930008954E /* PBXTargetDependency */ = {
			isa = PBXTargetDependency;
			target = 9979B4592BA10B1000FC2D9B /* GameCounterWidgetExtension */;
			targetProxy = 99CBDBEC2BA4E3930008954E /* PBXContainerItemProxy */;
		};
/* End PBXTargetDependency section */

/* Begin XCBuildConfiguration section */
		9933B6CC2B9E128500CFA3CC /* Debug */ = {
			isa = XCBuildConfiguration;
			buildSettings = {
				ALWAYS_SEARCH_USER_PATHS = NO;
				ASSETCATALOG_COMPILER_GENERATE_SWIFT_ASSET_SYMBOL_EXTENSIONS = YES;
				CLANG_ANALYZER_NONNULL = YES;
				CLANG_ANALYZER_NUMBER_OBJECT_CONVERSION = YES_AGGRESSIVE;
				CLANG_CXX_LANGUAGE_STANDARD = "gnu++20";
				CLANG_ENABLE_MODULES = YES;
				CLANG_ENABLE_OBJC_ARC = YES;
				CLANG_ENABLE_OBJC_WEAK = YES;
				CLANG_WARN_BLOCK_CAPTURE_AUTORELEASING = YES;
				CLANG_WARN_BOOL_CONVERSION = YES;
				CLANG_WARN_COMMA = YES;
				CLANG_WARN_CONSTANT_CONVERSION = YES;
				CLANG_WARN_DEPRECATED_OBJC_IMPLEMENTATIONS = YES;
				CLANG_WARN_DIRECT_OBJC_ISA_USAGE = YES_ERROR;
				CLANG_WARN_DOCUMENTATION_COMMENTS = YES;
				CLANG_WARN_EMPTY_BODY = YES;
				CLANG_WARN_ENUM_CONVERSION = YES;
				CLANG_WARN_INFINITE_RECURSION = YES;
				CLANG_WARN_INT_CONVERSION = YES;
				CLANG_WARN_NON_LITERAL_NULL_CONVERSION = YES;
				CLANG_WARN_OBJC_IMPLICIT_RETAIN_SELF = YES;
				CLANG_WARN_OBJC_LITERAL_CONVERSION = YES;
				CLANG_WARN_OBJC_ROOT_CLASS = YES_ERROR;
				CLANG_WARN_QUOTED_INCLUDE_IN_FRAMEWORK_HEADER = YES;
				CLANG_WARN_RANGE_LOOP_ANALYSIS = YES;
				CLANG_WARN_STRICT_PROTOTYPES = YES;
				CLANG_WARN_SUSPICIOUS_MOVE = YES;
				CLANG_WARN_UNGUARDED_AVAILABILITY = YES_AGGRESSIVE;
				CLANG_WARN_UNREACHABLE_CODE = YES;
				CLANG_WARN__DUPLICATE_METHOD_MATCH = YES;
				COPY_PHASE_STRIP = NO;
				DEBUG_INFORMATION_FORMAT = dwarf;
				ENABLE_STRICT_OBJC_MSGSEND = YES;
				ENABLE_TESTABILITY = YES;
				ENABLE_USER_SCRIPT_SANDBOXING = YES;
				GCC_C_LANGUAGE_STANDARD = gnu17;
				GCC_DYNAMIC_NO_PIC = NO;
				GCC_NO_COMMON_BLOCKS = YES;
				GCC_OPTIMIZATION_LEVEL = 0;
				GCC_PREPROCESSOR_DEFINITIONS = (
					"DEBUG=1",
					"$(inherited)",
				);
				GCC_WARN_64_TO_32_BIT_CONVERSION = YES;
				GCC_WARN_ABOUT_RETURN_TYPE = YES_ERROR;
				GCC_WARN_UNDECLARED_SELECTOR = YES;
				GCC_WARN_UNINITIALIZED_AUTOS = YES_AGGRESSIVE;
				GCC_WARN_UNUSED_FUNCTION = YES;
				GCC_WARN_UNUSED_VARIABLE = YES;
				IPHONEOS_DEPLOYMENT_TARGET = 17.2;
				LOCALIZATION_PREFERS_STRING_CATALOGS = YES;
				MTL_ENABLE_DEBUG_INFO = INCLUDE_SOURCE;
				MTL_FAST_MATH = YES;
				ONLY_ACTIVE_ARCH = YES;
				SDKROOT = iphoneos;
				SWIFT_ACTIVE_COMPILATION_CONDITIONS = "DEBUG $(inherited)";
				SWIFT_OPTIMIZATION_LEVEL = "-Onone";
			};
			name = Debug;
		};
		9933B6CD2B9E128500CFA3CC /* Release */ = {
			isa = XCBuildConfiguration;
			buildSettings = {
				ALWAYS_SEARCH_USER_PATHS = NO;
				ASSETCATALOG_COMPILER_GENERATE_SWIFT_ASSET_SYMBOL_EXTENSIONS = YES;
				CLANG_ANALYZER_NONNULL = YES;
				CLANG_ANALYZER_NUMBER_OBJECT_CONVERSION = YES_AGGRESSIVE;
				CLANG_CXX_LANGUAGE_STANDARD = "gnu++20";
				CLANG_ENABLE_MODULES = YES;
				CLANG_ENABLE_OBJC_ARC = YES;
				CLANG_ENABLE_OBJC_WEAK = YES;
				CLANG_WARN_BLOCK_CAPTURE_AUTORELEASING = YES;
				CLANG_WARN_BOOL_CONVERSION = YES;
				CLANG_WARN_COMMA = YES;
				CLANG_WARN_CONSTANT_CONVERSION = YES;
				CLANG_WARN_DEPRECATED_OBJC_IMPLEMENTATIONS = YES;
				CLANG_WARN_DIRECT_OBJC_ISA_USAGE = YES_ERROR;
				CLANG_WARN_DOCUMENTATION_COMMENTS = YES;
				CLANG_WARN_EMPTY_BODY = YES;
				CLANG_WARN_ENUM_CONVERSION = YES;
				CLANG_WARN_INFINITE_RECURSION = YES;
				CLANG_WARN_INT_CONVERSION = YES;
				CLANG_WARN_NON_LITERAL_NULL_CONVERSION = YES;
				CLANG_WARN_OBJC_IMPLICIT_RETAIN_SELF = YES;
				CLANG_WARN_OBJC_LITERAL_CONVERSION = YES;
				CLANG_WARN_OBJC_ROOT_CLASS = YES_ERROR;
				CLANG_WARN_QUOTED_INCLUDE_IN_FRAMEWORK_HEADER = YES;
				CLANG_WARN_RANGE_LOOP_ANALYSIS = YES;
				CLANG_WARN_STRICT_PROTOTYPES = YES;
				CLANG_WARN_SUSPICIOUS_MOVE = YES;
				CLANG_WARN_UNGUARDED_AVAILABILITY = YES_AGGRESSIVE;
				CLANG_WARN_UNREACHABLE_CODE = YES;
				CLANG_WARN__DUPLICATE_METHOD_MATCH = YES;
				COPY_PHASE_STRIP = NO;
				DEBUG_INFORMATION_FORMAT = "dwarf-with-dsym";
				ENABLE_NS_ASSERTIONS = NO;
				ENABLE_STRICT_OBJC_MSGSEND = YES;
				ENABLE_USER_SCRIPT_SANDBOXING = YES;
				GCC_C_LANGUAGE_STANDARD = gnu17;
				GCC_NO_COMMON_BLOCKS = YES;
				GCC_WARN_64_TO_32_BIT_CONVERSION = YES;
				GCC_WARN_ABOUT_RETURN_TYPE = YES_ERROR;
				GCC_WARN_UNDECLARED_SELECTOR = YES;
				GCC_WARN_UNINITIALIZED_AUTOS = YES_AGGRESSIVE;
				GCC_WARN_UNUSED_FUNCTION = YES;
				GCC_WARN_UNUSED_VARIABLE = YES;
				IPHONEOS_DEPLOYMENT_TARGET = 17.2;
				LOCALIZATION_PREFERS_STRING_CATALOGS = YES;
				MTL_ENABLE_DEBUG_INFO = NO;
				MTL_FAST_MATH = YES;
				SDKROOT = iphoneos;
				SWIFT_COMPILATION_MODE = wholemodule;
				VALIDATE_PRODUCT = YES;
			};
			name = Release;
		};
		9933B6CF2B9E128500CFA3CC /* Debug */ = {
			isa = XCBuildConfiguration;
			buildSettings = {
				ASSETCATALOG_COMPILER_APPICON_NAME = AppIcon;
				ASSETCATALOG_COMPILER_GLOBAL_ACCENT_COLOR_NAME = AccentColor;
				CODE_SIGN_ENTITLEMENTS = GameCounter/GameCounter.entitlements;
				CODE_SIGN_IDENTITY = "Apple Development";
				CODE_SIGN_STYLE = Automatic;
				CURRENT_PROJECT_VERSION = 1;
				DEVELOPMENT_ASSET_PATHS = "\"GameCounter/Preview Content\"";
				DEVELOPMENT_TEAM = 47C966XSTJ;
				ENABLE_HARDENED_RUNTIME = YES;
				ENABLE_PREVIEWS = YES;
				GENERATE_INFOPLIST_FILE = YES;
				INFOPLIST_FILE = "GameCounter-Info.plist";
				INFOPLIST_KEY_CFBundleDisplayName = Countable;
				INFOPLIST_KEY_UIApplicationSceneManifest_Generation = YES;
				INFOPLIST_KEY_UIApplicationSupportsIndirectInputEvents = YES;
				INFOPLIST_KEY_UILaunchScreen_Generation = YES;
				INFOPLIST_KEY_UISupportedInterfaceOrientations_iPad = "UIInterfaceOrientationPortrait UIInterfaceOrientationPortraitUpsideDown UIInterfaceOrientationLandscapeLeft UIInterfaceOrientationLandscapeRight";
				INFOPLIST_KEY_UISupportedInterfaceOrientations_iPhone = "UIInterfaceOrientationPortrait UIInterfaceOrientationLandscapeLeft UIInterfaceOrientationLandscapeRight";
				IPHONEOS_DEPLOYMENT_TARGET = 17.2;
				LD_RUNPATH_SEARCH_PATHS = (
					"$(inherited)",
					"@executable_path/Frameworks",
				);
				MARKETING_VERSION = 1.0;
				PRODUCT_BUNDLE_IDENTIFIER = "com.garrett-harris.adam.game-counter-app";
				PRODUCT_NAME = "$(TARGET_NAME)";
				PROVISIONING_PROFILE_SPECIFIER = "";
				SUPPORTED_PLATFORMS = "iphoneos iphonesimulator";
				SUPPORTS_MACCATALYST = NO;
				SUPPORTS_MAC_DESIGNED_FOR_IPHONE_IPAD = NO;
				SUPPORTS_XR_DESIGNED_FOR_IPHONE_IPAD = NO;
				SWIFT_EMIT_LOC_STRINGS = YES;
				SWIFT_VERSION = 5.0;
				TARGETED_DEVICE_FAMILY = "1,2";
			};
			name = Debug;
		};
		9933B6D02B9E128500CFA3CC /* Release */ = {
			isa = XCBuildConfiguration;
			buildSettings = {
				ASSETCATALOG_COMPILER_APPICON_NAME = AppIcon;
				ASSETCATALOG_COMPILER_GLOBAL_ACCENT_COLOR_NAME = AccentColor;
				CODE_SIGN_ENTITLEMENTS = GameCounter/GameCounter.entitlements;
				CODE_SIGN_IDENTITY = "Apple Development";
				CODE_SIGN_STYLE = Automatic;
				CURRENT_PROJECT_VERSION = 1;
				DEVELOPMENT_ASSET_PATHS = "\"GameCounter/Preview Content\"";
				DEVELOPMENT_TEAM = 47C966XSTJ;
				ENABLE_HARDENED_RUNTIME = YES;
				ENABLE_PREVIEWS = YES;
				GENERATE_INFOPLIST_FILE = YES;
				INFOPLIST_FILE = "GameCounter-Info.plist";
				INFOPLIST_KEY_CFBundleDisplayName = Countable;
				INFOPLIST_KEY_UIApplicationSceneManifest_Generation = YES;
				INFOPLIST_KEY_UIApplicationSupportsIndirectInputEvents = YES;
				INFOPLIST_KEY_UILaunchScreen_Generation = YES;
				INFOPLIST_KEY_UISupportedInterfaceOrientations_iPad = "UIInterfaceOrientationPortrait UIInterfaceOrientationPortraitUpsideDown UIInterfaceOrientationLandscapeLeft UIInterfaceOrientationLandscapeRight";
				INFOPLIST_KEY_UISupportedInterfaceOrientations_iPhone = "UIInterfaceOrientationPortrait UIInterfaceOrientationLandscapeLeft UIInterfaceOrientationLandscapeRight";
				IPHONEOS_DEPLOYMENT_TARGET = 17.2;
				LD_RUNPATH_SEARCH_PATHS = (
					"$(inherited)",
					"@executable_path/Frameworks",
				);
				MARKETING_VERSION = 1.0;
				PRODUCT_BUNDLE_IDENTIFIER = "com.garrett-harris.adam.game-counter-app";
				PRODUCT_NAME = "$(TARGET_NAME)";
				PROVISIONING_PROFILE_SPECIFIER = "";
				SUPPORTED_PLATFORMS = "iphoneos iphonesimulator";
				SUPPORTS_MACCATALYST = NO;
				SUPPORTS_MAC_DESIGNED_FOR_IPHONE_IPAD = NO;
				SUPPORTS_XR_DESIGNED_FOR_IPHONE_IPAD = NO;
				SWIFT_EMIT_LOC_STRINGS = YES;
				SWIFT_VERSION = 5.0;
				TARGETED_DEVICE_FAMILY = "1,2";
			};
			name = Release;
		};
		9933B6D22B9E128500CFA3CC /* Debug */ = {
			isa = XCBuildConfiguration;
			buildSettings = {
				ALWAYS_EMBED_SWIFT_STANDARD_LIBRARIES = YES;
				BUNDLE_LOADER = "$(TEST_HOST)";
				CODE_SIGN_STYLE = Automatic;
				CURRENT_PROJECT_VERSION = 1;
				DEVELOPMENT_TEAM = 47C966XSTJ;
				GENERATE_INFOPLIST_FILE = YES;
				IPHONEOS_DEPLOYMENT_TARGET = 17.2;
				MARKETING_VERSION = 1.0;
				PRODUCT_BUNDLE_IDENTIFIER = "com.garrett-harris.adam.Game-CounterTests";
				PRODUCT_NAME = "$(TARGET_NAME)";
				SWIFT_EMIT_LOC_STRINGS = NO;
				SWIFT_VERSION = 5.0;
				TARGETED_DEVICE_FAMILY = "1,2";
				TEST_HOST = "$(BUILT_PRODUCTS_DIR)/GameCounter.app/$(BUNDLE_EXECUTABLE_FOLDER_PATH)/GameCounter";
			};
			name = Debug;
		};
		9933B6D32B9E128500CFA3CC /* Release */ = {
			isa = XCBuildConfiguration;
			buildSettings = {
				ALWAYS_EMBED_SWIFT_STANDARD_LIBRARIES = YES;
				BUNDLE_LOADER = "$(TEST_HOST)";
				CODE_SIGN_STYLE = Automatic;
				CURRENT_PROJECT_VERSION = 1;
				DEVELOPMENT_TEAM = 47C966XSTJ;
				GENERATE_INFOPLIST_FILE = YES;
				IPHONEOS_DEPLOYMENT_TARGET = 17.2;
				MARKETING_VERSION = 1.0;
				PRODUCT_BUNDLE_IDENTIFIER = "com.garrett-harris.adam.Game-CounterTests";
				PRODUCT_NAME = "$(TARGET_NAME)";
				SWIFT_EMIT_LOC_STRINGS = NO;
				SWIFT_VERSION = 5.0;
				TARGETED_DEVICE_FAMILY = "1,2";
				TEST_HOST = "$(BUILT_PRODUCTS_DIR)/GameCounter.app/$(BUNDLE_EXECUTABLE_FOLDER_PATH)/GameCounter";
			};
			name = Release;
		};
		9933B6D52B9E128500CFA3CC /* Debug */ = {
			isa = XCBuildConfiguration;
			buildSettings = {
				ALWAYS_EMBED_SWIFT_STANDARD_LIBRARIES = YES;
				CODE_SIGN_STYLE = Automatic;
				CURRENT_PROJECT_VERSION = 1;
				DEVELOPMENT_TEAM = 47C966XSTJ;
				GENERATE_INFOPLIST_FILE = YES;
				MARKETING_VERSION = 1.0;
				PRODUCT_BUNDLE_IDENTIFIER = "com.garrett-harris.adam.Game-CounterUITests";
				PRODUCT_NAME = "$(TARGET_NAME)";
				SWIFT_EMIT_LOC_STRINGS = NO;
				SWIFT_VERSION = 5.0;
				TARGETED_DEVICE_FAMILY = "1,2";
				TEST_TARGET_NAME = "Game Counter";
			};
			name = Debug;
		};
		9933B6D62B9E128500CFA3CC /* Release */ = {
			isa = XCBuildConfiguration;
			buildSettings = {
				ALWAYS_EMBED_SWIFT_STANDARD_LIBRARIES = YES;
				CODE_SIGN_STYLE = Automatic;
				CURRENT_PROJECT_VERSION = 1;
				DEVELOPMENT_TEAM = 47C966XSTJ;
				GENERATE_INFOPLIST_FILE = YES;
				MARKETING_VERSION = 1.0;
				PRODUCT_BUNDLE_IDENTIFIER = "com.garrett-harris.adam.Game-CounterUITests";
				PRODUCT_NAME = "$(TARGET_NAME)";
				SWIFT_EMIT_LOC_STRINGS = NO;
				SWIFT_VERSION = 5.0;
				TARGETED_DEVICE_FAMILY = "1,2";
				TEST_TARGET_NAME = "Game Counter";
			};
			name = Release;
		};
		9979B46D2BA10B1200FC2D9B /* Debug */ = {
			isa = XCBuildConfiguration;
			buildSettings = {
				ASSETCATALOG_COMPILER_GLOBAL_ACCENT_COLOR_NAME = AccentColor;
				ASSETCATALOG_COMPILER_WIDGET_BACKGROUND_COLOR_NAME = WidgetBackground;
				CODE_SIGN_ENTITLEMENTS = GameCounterWidget/GameCounterWidgetExtension.entitlements;
				CODE_SIGN_IDENTITY = "Apple Development";
				CODE_SIGN_STYLE = Automatic;
				CURRENT_PROJECT_VERSION = 1;
				DEVELOPMENT_TEAM = 47C966XSTJ;
				GENERATE_INFOPLIST_FILE = YES;
				INFOPLIST_FILE = GameCounterWidget/Info.plist;
				INFOPLIST_KEY_CFBundleDisplayName = GameCounterWidget;
				INFOPLIST_KEY_NSHumanReadableCopyright = "";
				IPHONEOS_DEPLOYMENT_TARGET = 17.4;
				LD_RUNPATH_SEARCH_PATHS = (
					"$(inherited)",
					"@executable_path/Frameworks",
					"@executable_path/../../Frameworks",
				);
				MARKETING_VERSION = 1.0;
				PRODUCT_BUNDLE_IDENTIFIER = "com.garrett-harris.adam.game-counter-app.widget";
				PRODUCT_NAME = "$(TARGET_NAME)";
				PROVISIONING_PROFILE_SPECIFIER = "";
				SKIP_INSTALL = YES;
				SUPPORTED_PLATFORMS = "iphoneos iphonesimulator";
				SUPPORTS_MACCATALYST = NO;
				SUPPORTS_MAC_DESIGNED_FOR_IPHONE_IPAD = NO;
				SUPPORTS_XR_DESIGNED_FOR_IPHONE_IPAD = NO;
				SWIFT_EMIT_LOC_STRINGS = YES;
				SWIFT_VERSION = 5.0;
				TARGETED_DEVICE_FAMILY = "1,2";
			};
			name = Debug;
		};
		9979B46E2BA10B1200FC2D9B /* Release */ = {
			isa = XCBuildConfiguration;
			buildSettings = {
				ASSETCATALOG_COMPILER_GLOBAL_ACCENT_COLOR_NAME = AccentColor;
				ASSETCATALOG_COMPILER_WIDGET_BACKGROUND_COLOR_NAME = WidgetBackground;
				CODE_SIGN_ENTITLEMENTS = GameCounterWidget/GameCounterWidgetExtension.entitlements;
				CODE_SIGN_IDENTITY = "Apple Development";
				CODE_SIGN_STYLE = Automatic;
				CURRENT_PROJECT_VERSION = 1;
				DEVELOPMENT_TEAM = 47C966XSTJ;
				GENERATE_INFOPLIST_FILE = YES;
				INFOPLIST_FILE = GameCounterWidget/Info.plist;
				INFOPLIST_KEY_CFBundleDisplayName = GameCounterWidget;
				INFOPLIST_KEY_NSHumanReadableCopyright = "";
				IPHONEOS_DEPLOYMENT_TARGET = 17.4;
				LD_RUNPATH_SEARCH_PATHS = (
					"$(inherited)",
					"@executable_path/Frameworks",
					"@executable_path/../../Frameworks",
				);
				MARKETING_VERSION = 1.0;
				PRODUCT_BUNDLE_IDENTIFIER = "com.garrett-harris.adam.game-counter-app.widget";
				PRODUCT_NAME = "$(TARGET_NAME)";
				PROVISIONING_PROFILE_SPECIFIER = "";
				SKIP_INSTALL = YES;
				SUPPORTED_PLATFORMS = "iphoneos iphonesimulator";
				SUPPORTS_MACCATALYST = NO;
				SUPPORTS_MAC_DESIGNED_FOR_IPHONE_IPAD = NO;
				SUPPORTS_XR_DESIGNED_FOR_IPHONE_IPAD = NO;
				SWIFT_EMIT_LOC_STRINGS = YES;
				SWIFT_VERSION = 5.0;
				TARGETED_DEVICE_FAMILY = "1,2";
			};
			name = Release;
		};
/* End XCBuildConfiguration section */

/* Begin XCConfigurationList section */
		9933B6A52B9E128200CFA3CC /* Build configuration list for PBXProject "GameCounter" */ = {
			isa = XCConfigurationList;
			buildConfigurations = (
				9933B6CC2B9E128500CFA3CC /* Debug */,
				9933B6CD2B9E128500CFA3CC /* Release */,
			);
			defaultConfigurationIsVisible = 0;
			defaultConfigurationName = Release;
		};
		9933B6CE2B9E128500CFA3CC /* Build configuration list for PBXNativeTarget "GameCounter" */ = {
			isa = XCConfigurationList;
			buildConfigurations = (
				9933B6CF2B9E128500CFA3CC /* Debug */,
				9933B6D02B9E128500CFA3CC /* Release */,
			);
			defaultConfigurationIsVisible = 0;
			defaultConfigurationName = Release;
		};
		9933B6D12B9E128500CFA3CC /* Build configuration list for PBXNativeTarget "GameCounterTests" */ = {
			isa = XCConfigurationList;
			buildConfigurations = (
				9933B6D22B9E128500CFA3CC /* Debug */,
				9933B6D32B9E128500CFA3CC /* Release */,
			);
			defaultConfigurationIsVisible = 0;
			defaultConfigurationName = Release;
		};
		9933B6D42B9E128500CFA3CC /* Build configuration list for PBXNativeTarget "GameCounterUITests" */ = {
			isa = XCConfigurationList;
			buildConfigurations = (
				9933B6D52B9E128500CFA3CC /* Debug */,
				9933B6D62B9E128500CFA3CC /* Release */,
			);
			defaultConfigurationIsVisible = 0;
			defaultConfigurationName = Release;
		};
		9979B46F2BA10B1200FC2D9B /* Build configuration list for PBXNativeTarget "GameCounterWidgetExtension" */ = {
			isa = XCConfigurationList;
			buildConfigurations = (
				9979B46D2BA10B1200FC2D9B /* Debug */,
				9979B46E2BA10B1200FC2D9B /* Release */,
			);
			defaultConfigurationIsVisible = 0;
			defaultConfigurationName = Release;
		};
/* End XCConfigurationList section */

/* Begin XCRemoteSwiftPackageReference section */
		99DFD06F2B9E2A530032AC0B /* XCRemoteSwiftPackageReference "swift-composable-architecture" */ = {
			isa = XCRemoteSwiftPackageReference;
			repositoryURL = "https://github.com/pointfreeco/swift-composable-architecture.git";
			requirement = {
				branch = "shared-state-beta";
				kind = branch;
			};
		};
/* End XCRemoteSwiftPackageReference section */

/* Begin XCSwiftPackageProductDependency section */
		9973B1C22BA4DCA200B63BAC /* CounterFeature */ = {
			isa = XCSwiftPackageProductDependency;
			productName = CounterFeature;
		};
		99B95CF52BA376C2003F72F3 /* ComposableArchitecture */ = {
			isa = XCSwiftPackageProductDependency;
			package = 99DFD06F2B9E2A530032AC0B /* XCRemoteSwiftPackageReference "swift-composable-architecture" */;
			productName = ComposableArchitecture;
		};
		99CBDBEF2BA4ED230008954E /* SettingsFeature */ = {
			isa = XCSwiftPackageProductDependency;
			productName = SettingsFeature;
		};
/* End XCSwiftPackageProductDependency section */
	};
	rootObject = 9933B6A22B9E128200CFA3CC /* Project object */;
}
